// !$*UTF8*$!
{
	archiveVersion = 1;
	classes = {
	};
	objectVersion = 70;
	objects = {

/* Begin PBXBuildFile section */
		7615CAB72D34549A00C08D72 /* Accelerate.framework in Frameworks */ = {isa = PBXBuildFile; fileRef = 7615CAB62D34549A00C08D72 /* Accelerate.framework */; };
		7615CAB92D3454BB00C08D72 /* Metal.framework in Frameworks */ = {isa = PBXBuildFile; fileRef = 7615CAB82D3454BB00C08D72 /* Metal.framework */; };
		761FF5202D34B1F200CE2336 /* SimilaritySearchKit in Frameworks */ = {isa = PBXBuildFile; productRef = 761FF51F2D34B1F200CE2336 /* SimilaritySearchKit */; };
		761FF5222D34B1F200CE2336 /* SimilaritySearchKitDistilbert in Frameworks */ = {isa = PBXBuildFile; productRef = 761FF5212D34B1F200CE2336 /* SimilaritySearchKitDistilbert */; };
		761FF5242D34B1F200CE2336 /* SimilaritySearchKitMiniLMAll in Frameworks */ = {isa = PBXBuildFile; productRef = 761FF5232D34B1F200CE2336 /* SimilaritySearchKitMiniLMAll */; };
		761FF5262D34B1F200CE2336 /* SimilaritySearchKitMiniLMMultiQA in Frameworks */ = {isa = PBXBuildFile; productRef = 761FF5252D34B1F200CE2336 /* SimilaritySearchKitMiniLMMultiQA */; };
		767453072D2DC15D0026C123 /* ContentView.swift in Sources */ = {isa = PBXBuildFile; fileRef = 767453062D2DC15D0026C123 /* ContentView.swift */; };
		767EBBEA2D34983F003FCB43 /* llmfarm_core in Frameworks */ = {isa = PBXBuildFile; productRef = 767EBBE92D34983F003FCB43 /* llmfarm_core */; };
		767EBBF52D349E6F003FCB43 /* AIChatModel.swift in Sources */ = {isa = PBXBuildFile; fileRef = 767EBBF42D349E6F003FCB43 /* AIChatModel.swift */; };
		767EBC042D349EE1003FCB43 /* ChatListView.swift in Sources */ = {isa = PBXBuildFile; fileRef = 767EBC002D349EE1003FCB43 /* ChatListView.swift */; };
		767EBC052D349EE1003FCB43 /* Orientation_helper.swift in Sources */ = {isa = PBXBuildFile; fileRef = 767EBBF72D349EE1003FCB43 /* Orientation_helper.swift */; };
		767EBC062D349EE1003FCB43 /* Extensions.swift in Sources */ = {isa = PBXBuildFile; fileRef = 767EBBFB2D349EE1003FCB43 /* Extensions.swift */; };
		767EBC072D349EE1003FCB43 /* ChatSettingsTemplate.swift in Sources */ = {isa = PBXBuildFile; fileRef = 767EBBF82D349EE1003FCB43 /* ChatSettingsTemplate.swift */; };
		767EBC082D349EE1003FCB43 /* log_helper.swift in Sources */ = {isa = PBXBuildFile; fileRef = 767EBBF92D349EE1003FCB43 /* log_helper.swift */; };
		767EBC092D349EE1003FCB43 /* Message.swift in Sources */ = {isa = PBXBuildFile; fileRef = 767EBBFD2D349EE1003FCB43 /* Message.swift */; };
		767EBC0A2D349EE1003FCB43 /* Helpers.swift in Sources */ = {isa = PBXBuildFile; fileRef = 767EBBF62D349EE1003FCB43 /* Helpers.swift */; };
		767EBC0B2D349EE1003FCB43 /* MessageImage.swift in Sources */ = {isa = PBXBuildFile; fileRef = 767EBC022D349EE1003FCB43 /* MessageImage.swift */; };
		767EBC0C2D349EE1003FCB43 /* ChatItem.swift in Sources */ = {isa = PBXBuildFile; fileRef = 767EBC012D349EE1003FCB43 /* ChatItem.swift */; };
		767EBC0D2D349EE1003FCB43 /* ChatView.swift in Sources */ = {isa = PBXBuildFile; fileRef = 767EBBFF2D349EE1003FCB43 /* ChatView.swift */; };
		767EBC0E2D349EE1003FCB43 /* MessageView.swift in Sources */ = {isa = PBXBuildFile; fileRef = 767EBBFE2D349EE1003FCB43 /* MessageView.swift */; };
		767EBC0F2D349EE1003FCB43 /* DownloadManager.swift in Sources */ = {isa = PBXBuildFile; fileRef = 767EBBFA2D349EE1003FCB43 /* DownloadManager.swift */; };
		767EBC122D349FA8003FCB43 /* MarkdownUI in Frameworks */ = {isa = PBXBuildFile; productRef = 767EBC112D349FA8003FCB43 /* MarkdownUI */; };
		767EBC182D34A0C5003FCB43 /* Tabs.swift in Sources */ = {isa = PBXBuildFile; fileRef = 767EBC152D34A0C5003FCB43 /* Tabs.swift */; };
		767EBC192D34A0C5003FCB43 /* ThreeDots.swift in Sources */ = {isa = PBXBuildFile; fileRef = 767EBC132D34A0C5003FCB43 /* ThreeDots.swift */; };
		76E015DD2D35A0B3002C57B0 /* RAG.swift in Sources */ = {isa = PBXBuildFile; fileRef = 76E015DB2D35A0B3002C57B0 /* RAG.swift */; };
		7A4B73E62A267E1C0064800C /* StoreKit.swift in Sources */ = {isa = PBXBuildFile; fileRef = 7A4B73E52A267E1C0064800C /* StoreKit.swift */; };
		7A4B73F02A26C17F0064800C /* ChatInfoView.swift in Sources */ = {isa = PBXBuildFile; fileRef = 7A4B73EF2A26C17F0064800C /* ChatInfoView.swift */; };
		7A4B73F52A29B5BC0064800C /* AccountView.swift in Sources */ = {isa = PBXBuildFile; fileRef = 7A4B73F42A29B5BC0064800C /* AccountView.swift */; };
		7A4B73FA2A2A84900064800C /* AppInfoView.swift in Sources */ = {isa = PBXBuildFile; fileRef = 7A4B73F92A2A84900064800C /* AppInfoView.swift */; };
		7A4B73FF2A2ADBC50064800C /* AppModel.swift in Sources */ = {isa = PBXBuildFile; fileRef = 7A4B73FE2A2ADBC50064800C /* AppModel.swift */; };
		7A4B74042A367F5B0064800C /* LogoView.swift in Sources */ = {isa = PBXBuildFile; fileRef = 7A4B74032A367F5B0064800C /* LogoView.swift */; };
		7A7BDC112A457EC400AC5F6B /* StoreKit.framework in Frameworks */ = {isa = PBXBuildFile; fileRef = 7A7BDC102A457EC400AC5F6B /* StoreKit.framework */; };
		7A81C1652A01BDA5000496E3 /* TempView.swift in Sources */ = {isa = PBXBuildFile; fileRef = 7A81C1642A01BDA5000496E3 /* TempView.swift */; };
		8B91C004298AD09E0079AF26 /* PuulApp.swift in Sources */ = {isa = PBXBuildFile; fileRef = 8B91C003298AD09E0079AF26 /* PuulApp.swift */; };
		8B91C006298AD09E0079AF26 /* HomeView.swift in Sources */ = {isa = PBXBuildFile; fileRef = 8B91C005298AD09E0079AF26 /* HomeView.swift */; };
		8B91C008298AD09F0079AF26 /* Assets.xcassets in Resources */ = {isa = PBXBuildFile; fileRef = 8B91C007298AD09F0079AF26 /* Assets.xcassets */; };
/* End PBXBuildFile section */

/* Begin PBXFileReference section */
		7615CAB62D34549A00C08D72 /* Accelerate.framework */ = {isa = PBXFileReference; lastKnownFileType = wrapper.framework; name = Accelerate.framework; path = System/Library/Frameworks/Accelerate.framework; sourceTree = SDKROOT; };
		7615CAB82D3454BB00C08D72 /* Metal.framework */ = {isa = PBXFileReference; lastKnownFileType = wrapper.framework; name = Metal.framework; path = System/Library/Frameworks/Metal.framework; sourceTree = SDKROOT; };
		767453062D2DC15D0026C123 /* ContentView.swift */ = {isa = PBXFileReference; lastKnownFileType = sourcecode.swift; path = ContentView.swift; sourceTree = "<group>"; };
		767EBBD12D346E75003FCB43 /* CoreAudioTypes.framework */ = {isa = PBXFileReference; lastKnownFileType = wrapper.framework; name = CoreAudioTypes.framework; path = System/Library/Frameworks/CoreAudioTypes.framework; sourceTree = SDKROOT; };
		767EBBE72D3497AA003FCB43 /* llmfarm_core.swift */ = {isa = PBXFileReference; lastKnownFileType = wrapper; path = llmfarm_core.swift; sourceTree = "<group>"; };
		767EBBF42D349E6F003FCB43 /* AIChatModel.swift */ = {isa = PBXFileReference; lastKnownFileType = sourcecode.swift; path = AIChatModel.swift; sourceTree = "<group>"; };
		767EBBF62D349EE1003FCB43 /* Helpers.swift */ = {isa = PBXFileReference; lastKnownFileType = sourcecode.swift; path = Helpers.swift; sourceTree = "<group>"; };
		767EBBF72D349EE1003FCB43 /* Orientation_helper.swift */ = {isa = PBXFileReference; lastKnownFileType = sourcecode.swift; path = Orientation_helper.swift; sourceTree = "<group>"; };
		767EBBF82D349EE1003FCB43 /* ChatSettingsTemplate.swift */ = {isa = PBXFileReference; lastKnownFileType = sourcecode.swift; path = ChatSettingsTemplate.swift; sourceTree = "<group>"; };
		767EBBF92D349EE1003FCB43 /* log_helper.swift */ = {isa = PBXFileReference; lastKnownFileType = sourcecode.swift; path = log_helper.swift; sourceTree = "<group>"; };
		767EBBFA2D349EE1003FCB43 /* DownloadManager.swift */ = {isa = PBXFileReference; lastKnownFileType = sourcecode.swift; path = DownloadManager.swift; sourceTree = "<group>"; };
		767EBBFB2D349EE1003FCB43 /* Extensions.swift */ = {isa = PBXFileReference; lastKnownFileType = sourcecode.swift; path = Extensions.swift; sourceTree = "<group>"; };
		767EBBFD2D349EE1003FCB43 /* Message.swift */ = {isa = PBXFileReference; lastKnownFileType = sourcecode.swift; path = Message.swift; sourceTree = "<group>"; };
		767EBBFE2D349EE1003FCB43 /* MessageView.swift */ = {isa = PBXFileReference; lastKnownFileType = sourcecode.swift; path = MessageView.swift; sourceTree = "<group>"; };
		767EBBFF2D349EE1003FCB43 /* ChatView.swift */ = {isa = PBXFileReference; lastKnownFileType = sourcecode.swift; path = ChatView.swift; sourceTree = "<group>"; };
		767EBC002D349EE1003FCB43 /* ChatListView.swift */ = {isa = PBXFileReference; lastKnownFileType = sourcecode.swift; path = ChatListView.swift; sourceTree = "<group>"; };
		767EBC012D349EE1003FCB43 /* ChatItem.swift */ = {isa = PBXFileReference; lastKnownFileType = sourcecode.swift; path = ChatItem.swift; sourceTree = "<group>"; };
		767EBC022D349EE1003FCB43 /* MessageImage.swift */ = {isa = PBXFileReference; lastKnownFileType = sourcecode.swift; path = MessageImage.swift; sourceTree = "<group>"; };
		767EBC132D34A0C5003FCB43 /* ThreeDots.swift */ = {isa = PBXFileReference; lastKnownFileType = sourcecode.swift; path = ThreeDots.swift; sourceTree = "<group>"; };
		767EBC152D34A0C5003FCB43 /* Tabs.swift */ = {isa = PBXFileReference; lastKnownFileType = sourcecode.swift; path = Tabs.swift; sourceTree = "<group>"; };
		76E015DB2D35A0B3002C57B0 /* RAG.swift */ = {isa = PBXFileReference; lastKnownFileType = sourcecode.swift; path = RAG.swift; sourceTree = "<group>"; };
		7A4306852A38D869003C8135 /* Puul.ai-Info.plist */ = {isa = PBXFileReference; lastKnownFileType = text.plist.xml; path = "Puul.ai-Info.plist"; sourceTree = "<group>"; };
		7A48E55D29FE56E60068362F /* Puul.app */ = {isa = PBXFileReference; explicitFileType = wrapper.application; includeInIndex = 0; path = Puul.app; sourceTree = BUILT_PRODUCTS_DIR; };
		7A4B73E42A24684B0064800C /* products.storekit */ = {isa = PBXFileReference; lastKnownFileType = text; path = products.storekit; sourceTree = "<group>"; };
		7A4B73E52A267E1C0064800C /* StoreKit.swift */ = {isa = PBXFileReference; lastKnownFileType = sourcecode.swift; path = StoreKit.swift; sourceTree = "<group>"; };
		7A4B73EF2A26C17F0064800C /* ChatInfoView.swift */ = {isa = PBXFileReference; lastKnownFileType = sourcecode.swift; path = ChatInfoView.swift; sourceTree = "<group>"; };
		7A4B73F42A29B5BC0064800C /* AccountView.swift */ = {isa = PBXFileReference; lastKnownFileType = sourcecode.swift; path = AccountView.swift; sourceTree = "<group>"; };
		7A4B73F92A2A84900064800C /* AppInfoView.swift */ = {isa = PBXFileReference; lastKnownFileType = sourcecode.swift; path = AppInfoView.swift; sourceTree = "<group>"; };
		7A4B73FE2A2ADBC50064800C /* AppModel.swift */ = {isa = PBXFileReference; lastKnownFileType = sourcecode.swift; path = AppModel.swift; sourceTree = "<group>"; };
		7A4B74032A367F5B0064800C /* LogoView.swift */ = {isa = PBXFileReference; lastKnownFileType = sourcecode.swift; path = LogoView.swift; sourceTree = "<group>"; };
		7A7BDC102A457EC400AC5F6B /* StoreKit.framework */ = {isa = PBXFileReference; lastKnownFileType = wrapper.framework; name = StoreKit.framework; path = System/Library/Frameworks/StoreKit.framework; sourceTree = SDKROOT; };
		7A81C1642A01BDA5000496E3 /* TempView.swift */ = {isa = PBXFileReference; lastKnownFileType = sourcecode.swift; path = TempView.swift; sourceTree = "<group>"; };
		7AB997BC29F1D9BA00BC8E4B /* Puul.entitlements */ = {isa = PBXFileReference; lastKnownFileType = text.plist.entitlements; path = Puul.entitlements; sourceTree = "<group>"; };
		8B91C003298AD09E0079AF26 /* PuulApp.swift */ = {isa = PBXFileReference; lastKnownFileType = sourcecode.swift; path = PuulApp.swift; sourceTree = "<group>"; };
		8B91C005298AD09E0079AF26 /* HomeView.swift */ = {isa = PBXFileReference; lastKnownFileType = sourcecode.swift; path = HomeView.swift; sourceTree = "<group>"; };
		8B91C007298AD09F0079AF26 /* Assets.xcassets */ = {isa = PBXFileReference; lastKnownFileType = folder.assetcatalog; path = Assets.xcassets; sourceTree = "<group>"; };
/* End PBXFileReference section */

/* Begin PBXFileSystemSynchronizedRootGroup section */
		767452FF2D2DB7830026C123 /* Onboarding */ = {isa = PBXFileSystemSynchronizedRootGroup; explicitFileTypes = {}; explicitFolders = (); path = Onboarding; sourceTree = "<group>"; };
/* End PBXFileSystemSynchronizedRootGroup section */

/* Begin PBXFrameworksBuildPhase section */
		8B91BFFD298AD09E0079AF26 /* Frameworks */ = {
			isa = PBXFrameworksBuildPhase;
			buildActionMask = 2147483647;
			files = (
				761FF5262D34B1F200CE2336 /* SimilaritySearchKitMiniLMMultiQA in Frameworks */,
				761FF5242D34B1F200CE2336 /* SimilaritySearchKitMiniLMAll in Frameworks */,
				767EBC122D349FA8003FCB43 /* MarkdownUI in Frameworks */,
				7A7BDC112A457EC400AC5F6B /* StoreKit.framework in Frameworks */,
				7615CAB92D3454BB00C08D72 /* Metal.framework in Frameworks */,
				7615CAB72D34549A00C08D72 /* Accelerate.framework in Frameworks */,
				761FF5222D34B1F200CE2336 /* SimilaritySearchKitDistilbert in Frameworks */,
				761FF5202D34B1F200CE2336 /* SimilaritySearchKit in Frameworks */,
				767EBBEA2D34983F003FCB43 /* llmfarm_core in Frameworks */,
			);
			runOnlyForDeploymentPostprocessing = 0;
		};
/* End PBXFrameworksBuildPhase section */

/* Begin PBXGroup section */
		767EBBE82D3497AA003FCB43 /* Packages */ = {
			isa = PBXGroup;
			children = (
				767EBBE72D3497AA003FCB43 /* llmfarm_core.swift */,
			);
			name = Packages;
			sourceTree = "<group>";
		};
		767EBBFC2D349EE1003FCB43 /* Lib */ = {
			isa = PBXGroup;
			children = (
				767EBBF62D349EE1003FCB43 /* Helpers.swift */,
				767EBBF72D349EE1003FCB43 /* Orientation_helper.swift */,
				767EBBF82D349EE1003FCB43 /* ChatSettingsTemplate.swift */,
				767EBBF92D349EE1003FCB43 /* log_helper.swift */,
				767EBBFA2D349EE1003FCB43 /* DownloadManager.swift */,
				767EBBFB2D349EE1003FCB43 /* Extensions.swift */,
			);
			path = Lib;
			sourceTree = "<group>";
		};
		767EBC032D349EE1003FCB43 /* Chats */ = {
			isa = PBXGroup;
			children = (
				767EBBFD2D349EE1003FCB43 /* Message.swift */,
				767EBBFE2D349EE1003FCB43 /* MessageView.swift */,
				767EBBFF2D349EE1003FCB43 /* ChatView.swift */,
				767EBC002D349EE1003FCB43 /* ChatListView.swift */,
				767EBC012D349EE1003FCB43 /* ChatItem.swift */,
				767EBC022D349EE1003FCB43 /* MessageImage.swift */,
			);
			path = Chats;
			sourceTree = "<group>";
		};
		767EBC162D34A0C5003FCB43 /* UIComponents */ = {
			isa = PBXGroup;
			children = (
				767EBC132D34A0C5003FCB43 /* ThreeDots.swift */,
				767EBC152D34A0C5003FCB43 /* Tabs.swift */,
			);
			path = UIComponents;
			sourceTree = "<group>";
		};
		76E015DC2D35A0B3002C57B0 /* RAG */ = {
			isa = PBXGroup;
			children = (
				76E015DB2D35A0B3002C57B0 /* RAG.swift */,
			);
			path = RAG;
			sourceTree = "<group>";
		};
		7B10ECE5AEC28C28EDDD5E0F /* Frameworks */ = {
			isa = PBXGroup;
			children = (
				767EBBD12D346E75003FCB43 /* CoreAudioTypes.framework */,
				7615CAB82D3454BB00C08D72 /* Metal.framework */,
				7615CAB62D34549A00C08D72 /* Accelerate.framework */,
				7A7BDC102A457EC400AC5F6B /* StoreKit.framework */,
			);
			name = Frameworks;
			sourceTree = "<group>";
		};
		8B057591298E52CB00A56C9A /* src */ = {
			isa = PBXGroup;
			children = (
				76E015DC2D35A0B3002C57B0 /* RAG */,
				767EBC162D34A0C5003FCB43 /* UIComponents */,
				767EBBFC2D349EE1003FCB43 /* Lib */,
				767EBC032D349EE1003FCB43 /* Chats */,
				767452FF2D2DB7830026C123 /* Onboarding */,
				7A4B73F42A29B5BC0064800C /* AccountView.swift */,
				7A4B73F92A2A84900064800C /* AppInfoView.swift */,
				7A4B73FE2A2ADBC50064800C /* AppModel.swift */,
				767453062D2DC15D0026C123 /* ContentView.swift */,
				7A4B73EF2A26C17F0064800C /* ChatInfoView.swift */,
				8B91C005298AD09E0079AF26 /* HomeView.swift */,
				7A4B74032A367F5B0064800C /* LogoView.swift */,
				7A4B73E42A24684B0064800C /* products.storekit */,
				7AB997BC29F1D9BA00BC8E4B /* Puul.entitlements */,
				8B91C003298AD09E0079AF26 /* PuulApp.swift */,
				7A4B73E52A267E1C0064800C /* StoreKit.swift */,
				767EBBF42D349E6F003FCB43 /* AIChatModel.swift */,
				7A81C1642A01BDA5000496E3 /* TempView.swift */,
				8B91C007298AD09F0079AF26 /* Assets.xcassets */,
			);
			path = src;
			sourceTree = "<group>";
		};
		8B91BFF7298AD09E0079AF26 = {
			isa = PBXGroup;
			children = (
				767EBBE82D3497AA003FCB43 /* Packages */,
				7A4306852A38D869003C8135 /* Puul.ai-Info.plist */,
				8B057591298E52CB00A56C9A /* src */,
				7B10ECE5AEC28C28EDDD5E0F /* Frameworks */,
				7A48E55D29FE56E60068362F /* Puul.app */,
			);
			sourceTree = "<group>";
		};
/* End PBXGroup section */

/* Begin PBXNativeTarget section */
		8B91BFFF298AD09E0079AF26 /* Puul */ = {
			isa = PBXNativeTarget;
			buildConfigurationList = 8B91C00E298AD09F0079AF26 /* Build configuration list for PBXNativeTarget "Puul" */;
			buildPhases = (
				8B91BFFC298AD09E0079AF26 /* Sources */,
				8B91BFFD298AD09E0079AF26 /* Frameworks */,
				8B91BFFE298AD09E0079AF26 /* Resources */,
			);
			buildRules = (
			);
			dependencies = (
			);
			fileSystemSynchronizedGroups = (
				767452FF2D2DB7830026C123 /* Onboarding */,
			);
			name = Puul;
			packageProductDependencies = (
				767EBBE92D34983F003FCB43 /* llmfarm_core */,
				767EBC112D349FA8003FCB43 /* MarkdownUI */,
				761FF51F2D34B1F200CE2336 /* SimilaritySearchKit */,
				761FF5212D34B1F200CE2336 /* SimilaritySearchKitDistilbert */,
				761FF5232D34B1F200CE2336 /* SimilaritySearchKitMiniLMAll */,
				761FF5252D34B1F200CE2336 /* SimilaritySearchKitMiniLMMultiQA */,
			);
			productName = XCAChatGPT;
			productReference = 7A48E55D29FE56E60068362F /* Puul.app */;
			productType = "com.apple.product-type.application";
		};
/* End PBXNativeTarget section */

/* Begin PBXProject section */
		8B91BFF8298AD09E0079AF26 /* Project object */ = {
			isa = PBXProject;
			attributes = {
				BuildIndependentTargetsInParallel = 1;
				LastSwiftUpdateCheck = 1420;
				LastUpgradeCheck = 1610;
				TargetAttributes = {
					8B91BFFF298AD09E0079AF26 = {
						CreatedOnToolsVersion = 14.2;
					};
				};
			};
			buildConfigurationList = 8B91BFFB298AD09E0079AF26 /* Build configuration list for PBXProject "Puul.ai" */;
			compatibilityVersion = "Xcode 14.0";
			developmentRegion = en;
			hasScannedForEncodings = 0;
			knownRegions = (
				en,
				Base,
			);
			mainGroup = 8B91BFF7298AD09E0079AF26;
			packageReferences = (
				767EBC102D349FA8003FCB43 /* XCRemoteSwiftPackageReference "swift-markdown-ui" */,
				761FF51E2D34B1F200CE2336 /* XCLocalSwiftPackageReference "similarity-search-kit" */,
			);
			productRefGroup = 8B91BFF7298AD09E0079AF26;
			projectDirPath = "";
			projectRoot = "";
			targets = (
				8B91BFFF298AD09E0079AF26 /* Puul */,
			);
		};
/* End PBXProject section */

/* Begin PBXResourcesBuildPhase section */
		8B91BFFE298AD09E0079AF26 /* Resources */ = {
			isa = PBXResourcesBuildPhase;
			buildActionMask = 2147483647;
			files = (
				8B91C008298AD09F0079AF26 /* Assets.xcassets in Resources */,
			);
			runOnlyForDeploymentPostprocessing = 0;
		};
/* End PBXResourcesBuildPhase section */

/* Begin PBXSourcesBuildPhase section */
		8B91BFFC298AD09E0079AF26 /* Sources */ = {
			isa = PBXSourcesBuildPhase;
			buildActionMask = 2147483647;
			files = (
				8B91C006298AD09E0079AF26 /* HomeView.swift in Sources */,
				7A4B73FA2A2A84900064800C /* AppInfoView.swift in Sources */,
				767453072D2DC15D0026C123 /* ContentView.swift in Sources */,
				7A4B73FF2A2ADBC50064800C /* AppModel.swift in Sources */,
				767EBC182D34A0C5003FCB43 /* Tabs.swift in Sources */,
				767EBC192D34A0C5003FCB43 /* ThreeDots.swift in Sources */,
				7A4B73E62A267E1C0064800C /* StoreKit.swift in Sources */,
				7A81C1652A01BDA5000496E3 /* TempView.swift in Sources */,
				8B91C004298AD09E0079AF26 /* PuulApp.swift in Sources */,
				7A4B74042A367F5B0064800C /* LogoView.swift in Sources */,
				7A4B73F52A29B5BC0064800C /* AccountView.swift in Sources */,
				767EBBF52D349E6F003FCB43 /* AIChatModel.swift in Sources */,
				7A4B73F02A26C17F0064800C /* ChatInfoView.swift in Sources */,
				767EBC042D349EE1003FCB43 /* ChatListView.swift in Sources */,
				767EBC052D349EE1003FCB43 /* Orientation_helper.swift in Sources */,
				767EBC062D349EE1003FCB43 /* Extensions.swift in Sources */,
				76E015DD2D35A0B3002C57B0 /* RAG.swift in Sources */,
				767EBC072D349EE1003FCB43 /* ChatSettingsTemplate.swift in Sources */,
				767EBC082D349EE1003FCB43 /* log_helper.swift in Sources */,
				767EBC092D349EE1003FCB43 /* Message.swift in Sources */,
				767EBC0A2D349EE1003FCB43 /* Helpers.swift in Sources */,
				767EBC0B2D349EE1003FCB43 /* MessageImage.swift in Sources */,
				767EBC0C2D349EE1003FCB43 /* ChatItem.swift in Sources */,
				767EBC0D2D349EE1003FCB43 /* ChatView.swift in Sources */,
				767EBC0E2D349EE1003FCB43 /* MessageView.swift in Sources */,
				767EBC0F2D349EE1003FCB43 /* DownloadManager.swift in Sources */,
			);
			runOnlyForDeploymentPostprocessing = 0;
		};
/* End PBXSourcesBuildPhase section */

/* Begin XCBuildConfiguration section */
		8B91C00C298AD09F0079AF26 /* Debug */ = {
			isa = XCBuildConfiguration;
			buildSettings = {
				ALWAYS_EMBED_SWIFT_STANDARD_LIBRARIES = YES;
				ALWAYS_SEARCH_USER_PATHS = NO;
				CLANG_ANALYZER_NONNULL = YES;
				CLANG_ANALYZER_NUMBER_OBJECT_CONVERSION = YES_AGGRESSIVE;
				CLANG_CXX_LANGUAGE_STANDARD = "gnu++20";
				CLANG_ENABLE_MODULES = YES;
				CLANG_ENABLE_OBJC_ARC = YES;
				CLANG_ENABLE_OBJC_WEAK = YES;
				CLANG_WARN_BLOCK_CAPTURE_AUTORELEASING = YES;
				CLANG_WARN_BOOL_CONVERSION = YES;
				CLANG_WARN_COMMA = YES;
				CLANG_WARN_CONSTANT_CONVERSION = YES;
				CLANG_WARN_DEPRECATED_OBJC_IMPLEMENTATIONS = YES;
				CLANG_WARN_DIRECT_OBJC_ISA_USAGE = YES_ERROR;
				CLANG_WARN_DOCUMENTATION_COMMENTS = YES;
				CLANG_WARN_EMPTY_BODY = YES;
				CLANG_WARN_ENUM_CONVERSION = YES;
				CLANG_WARN_INFINITE_RECURSION = YES;
				CLANG_WARN_INT_CONVERSION = YES;
				CLANG_WARN_NON_LITERAL_NULL_CONVERSION = YES;
				CLANG_WARN_OBJC_IMPLICIT_RETAIN_SELF = YES;
				CLANG_WARN_OBJC_LITERAL_CONVERSION = YES;
				CLANG_WARN_OBJC_ROOT_CLASS = YES_ERROR;
				CLANG_WARN_QUOTED_INCLUDE_IN_FRAMEWORK_HEADER = YES;
				CLANG_WARN_RANGE_LOOP_ANALYSIS = YES;
				CLANG_WARN_STRICT_PROTOTYPES = YES;
				CLANG_WARN_SUSPICIOUS_MOVE = YES;
				CLANG_WARN_UNGUARDED_AVAILABILITY = YES_AGGRESSIVE;
				CLANG_WARN_UNREACHABLE_CODE = YES;
				CLANG_WARN__DUPLICATE_METHOD_MATCH = YES;
				CODE_SIGN_IDENTITY = "Apple Development";
				COPY_PHASE_STRIP = NO;
				DEBUG_INFORMATION_FORMAT = dwarf;
				ENABLE_STRICT_OBJC_MSGSEND = YES;
				ENABLE_TESTABILITY = YES;
				ENABLE_USER_SCRIPT_SANDBOXING = YES;
				EXCLUDED_ARCHS = "";
				GCC_C_LANGUAGE_STANDARD = gnu11;
				GCC_DYNAMIC_NO_PIC = NO;
				GCC_NO_COMMON_BLOCKS = YES;
				GCC_OPTIMIZATION_LEVEL = 0;
				GCC_PREPROCESSOR_DEFINITIONS = (
					"DEBUG=1",
					"$(inherited)",
				);
				GCC_WARN_64_TO_32_BIT_CONVERSION = YES;
				GCC_WARN_ABOUT_RETURN_TYPE = YES_ERROR;
				GCC_WARN_UNDECLARED_SELECTOR = YES;
				GCC_WARN_UNINITIALIZED_AUTOS = YES_AGGRESSIVE;
				GCC_WARN_UNUSED_FUNCTION = YES;
				GCC_WARN_UNUSED_VARIABLE = YES;
				IPHONEOS_DEPLOYMENT_TARGET = 16.2;
				MACOSX_DEPLOYMENT_TARGET = "";
				MTL_ENABLE_DEBUG_INFO = INCLUDE_SOURCE;
				MTL_FAST_MATH = YES;
				ONLY_ACTIVE_ARCH = YES;
				SDKROOT = iphoneos;
				SWIFT_ACTIVE_COMPILATION_CONDITIONS = DEBUG;
				SWIFT_OPTIMIZATION_LEVEL = "-Onone";
			};
			name = Debug;
		};
		8B91C00D298AD09F0079AF26 /* Release */ = {
			isa = XCBuildConfiguration;
			buildSettings = {
				ALWAYS_EMBED_SWIFT_STANDARD_LIBRARIES = YES;
				ALWAYS_SEARCH_USER_PATHS = NO;
				CLANG_ANALYZER_NONNULL = YES;
				CLANG_ANALYZER_NUMBER_OBJECT_CONVERSION = YES_AGGRESSIVE;
				CLANG_CXX_LANGUAGE_STANDARD = "gnu++20";
				CLANG_ENABLE_MODULES = YES;
				CLANG_ENABLE_OBJC_ARC = YES;
				CLANG_ENABLE_OBJC_WEAK = YES;
				CLANG_WARN_BLOCK_CAPTURE_AUTORELEASING = YES;
				CLANG_WARN_BOOL_CONVERSION = YES;
				CLANG_WARN_COMMA = YES;
				CLANG_WARN_CONSTANT_CONVERSION = YES;
				CLANG_WARN_DEPRECATED_OBJC_IMPLEMENTATIONS = YES;
				CLANG_WARN_DIRECT_OBJC_ISA_USAGE = YES_ERROR;
				CLANG_WARN_DOCUMENTATION_COMMENTS = YES;
				CLANG_WARN_EMPTY_BODY = YES;
				CLANG_WARN_ENUM_CONVERSION = YES;
				CLANG_WARN_INFINITE_RECURSION = YES;
				CLANG_WARN_INT_CONVERSION = YES;
				CLANG_WARN_NON_LITERAL_NULL_CONVERSION = YES;
				CLANG_WARN_OBJC_IMPLICIT_RETAIN_SELF = YES;
				CLANG_WARN_OBJC_LITERAL_CONVERSION = YES;
				CLANG_WARN_OBJC_ROOT_CLASS = YES_ERROR;
				CLANG_WARN_QUOTED_INCLUDE_IN_FRAMEWORK_HEADER = YES;
				CLANG_WARN_RANGE_LOOP_ANALYSIS = YES;
				CLANG_WARN_STRICT_PROTOTYPES = YES;
				CLANG_WARN_SUSPICIOUS_MOVE = YES;
				CLANG_WARN_UNGUARDED_AVAILABILITY = YES_AGGRESSIVE;
				CLANG_WARN_UNREACHABLE_CODE = YES;
				CLANG_WARN__DUPLICATE_METHOD_MATCH = YES;
				CODE_SIGN_IDENTITY = "Apple Development";
				COPY_PHASE_STRIP = NO;
				DEBUG_INFORMATION_FORMAT = "dwarf-with-dsym";
				ENABLE_NS_ASSERTIONS = NO;
				ENABLE_STRICT_OBJC_MSGSEND = YES;
				ENABLE_USER_SCRIPT_SANDBOXING = YES;
				EXCLUDED_ARCHS = "";
				GCC_C_LANGUAGE_STANDARD = gnu11;
				GCC_NO_COMMON_BLOCKS = YES;
				GCC_WARN_64_TO_32_BIT_CONVERSION = YES;
				GCC_WARN_ABOUT_RETURN_TYPE = YES_ERROR;
				GCC_WARN_UNDECLARED_SELECTOR = YES;
				GCC_WARN_UNINITIALIZED_AUTOS = YES_AGGRESSIVE;
				GCC_WARN_UNUSED_FUNCTION = YES;
				GCC_WARN_UNUSED_VARIABLE = YES;
				IPHONEOS_DEPLOYMENT_TARGET = 16.2;
				MACOSX_DEPLOYMENT_TARGET = "";
				MTL_ENABLE_DEBUG_INFO = NO;
				MTL_FAST_MATH = YES;
				ONLY_ACTIVE_ARCH = YES;
				SDKROOT = iphoneos;
				SWIFT_COMPILATION_MODE = wholemodule;
				SWIFT_OPTIMIZATION_LEVEL = "-O";
				VALIDATE_PRODUCT = YES;
			};
			name = Release;
		};
		8B91C00F298AD09F0079AF26 /* Debug */ = {
			isa = XCBuildConfiguration;
			buildSettings = {
				ALWAYS_EMBED_SWIFT_STANDARD_LIBRARIES = YES;
				ASSETCATALOG_COMPILER_APPICON_NAME = AppIcon;
				ASSETCATALOG_COMPILER_GLOBAL_ACCENT_COLOR_NAME = AccentColor;
				CODE_SIGN_ENTITLEMENTS = src/Puul.entitlements;
				CODE_SIGN_IDENTITY = "Apple Development";
				CODE_SIGN_STYLE = Automatic;
				CURRENT_PROJECT_VERSION = 1.2.0;
				DEVELOPMENT_ASSET_PATHS = "";
				DEVELOPMENT_TEAM = 3Y2Y4CJNN6;
				ENABLE_PREVIEWS = YES;
				FRAMEWORK_SEARCH_PATHS = (
					"$(inherited)",
					"$(SDKROOT)/../../../../../../../../../Users/wheezycapowdis/Documents/PUUL/Puul",
				);
				GENERATE_INFOPLIST_FILE = YES;
				HEADER_SEARCH_PATHS = /Users/wheezysalem/Desktop/PUUL/ChatGPTSwiftUI/src/Puul.entitlements;
				INFOPLIST_FILE = "Puul.ai-Info.plist";
				INFOPLIST_KEY_CFBundleDisplayName = Puul;
				INFOPLIST_KEY_LSApplicationCategoryType = "public.app-category.finance";
				INFOPLIST_KEY_UIApplicationSceneManifest_Generation = YES;
				INFOPLIST_KEY_UIApplicationSupportsIndirectInputEvents = YES;
				INFOPLIST_KEY_UILaunchScreen_Generation = YES;
				INFOPLIST_KEY_UISupportedInterfaceOrientations = UIInterfaceOrientationPortrait;
				INFOPLIST_KEY_UISupportedInterfaceOrientations_iPad = "UIInterfaceOrientationLandscapeLeft UIInterfaceOrientationLandscapeRight UIInterfaceOrientationPortrait UIInterfaceOrientationPortraitUpsideDown";
				IPHONEOS_DEPLOYMENT_TARGET = 16.0;
				LD_RUNPATH_SEARCH_PATHS = (
					"$(inherited)",
					"@executable_path/Frameworks",
				);
				MACOSX_DEPLOYMENT_TARGET = 11.0;
				MARKETING_VERSION = 1.2.0;
				PRODUCT_BUNDLE_IDENTIFIER = com.puul.ai;
				PRODUCT_NAME = "$(TARGET_NAME)";
				PROVISIONING_PROFILE_SPECIFIER = "";
				SUPPORTED_PLATFORMS = "iphoneos iphonesimulator";
				SUPPORTS_MACCATALYST = NO;
				SUPPORTS_MAC_DESIGNED_FOR_IPHONE_IPAD = NO;
				SWIFT_EMIT_LOC_STRINGS = YES;
				SWIFT_VERSION = 5.0;
				TARGETED_DEVICE_FAMILY = "1,2";
			};
			name = Debug;
		};
		8B91C010298AD09F0079AF26 /* Release */ = {
			isa = XCBuildConfiguration;
			buildSettings = {
				ALWAYS_EMBED_SWIFT_STANDARD_LIBRARIES = YES;
				ASSETCATALOG_COMPILER_APPICON_NAME = AppIcon;
				ASSETCATALOG_COMPILER_GLOBAL_ACCENT_COLOR_NAME = AccentColor;
				CODE_SIGN_ENTITLEMENTS = src/Puul.entitlements;
				CODE_SIGN_IDENTITY = "Apple Development";
				CODE_SIGN_STYLE = Automatic;
				CURRENT_PROJECT_VERSION = 1.2.0;
				DEVELOPMENT_ASSET_PATHS = "";
				DEVELOPMENT_TEAM = 3Y2Y4CJNN6;
				ENABLE_PREVIEWS = YES;
				FRAMEWORK_SEARCH_PATHS = (
					"$(inherited)",
					"$(SDKROOT)/../../../../../../../../../Users/wheezycapowdis/Documents/PUUL/Puul",
				);
				GENERATE_INFOPLIST_FILE = YES;
				HEADER_SEARCH_PATHS = /Users/wheezysalem/Desktop/PUUL/ChatGPTSwiftUI/src/Puul.entitlements;
				INFOPLIST_FILE = "Puul.ai-Info.plist";
				INFOPLIST_KEY_CFBundleDisplayName = Puul;
				INFOPLIST_KEY_LSApplicationCategoryType = "public.app-category.finance";
				INFOPLIST_KEY_UIApplicationSceneManifest_Generation = YES;
				INFOPLIST_KEY_UIApplicationSupportsIndirectInputEvents = YES;
				INFOPLIST_KEY_UILaunchScreen_Generation = YES;
				INFOPLIST_KEY_UISupportedInterfaceOrientations = UIInterfaceOrientationPortrait;
				INFOPLIST_KEY_UISupportedInterfaceOrientations_iPad = "UIInterfaceOrientationLandscapeLeft UIInterfaceOrientationLandscapeRight UIInterfaceOrientationPortrait UIInterfaceOrientationPortraitUpsideDown";
				IPHONEOS_DEPLOYMENT_TARGET = 16.0;
				LD_RUNPATH_SEARCH_PATHS = (
					"$(inherited)",
					"@executable_path/Frameworks",
				);
				MACOSX_DEPLOYMENT_TARGET = 11.0;
				MARKETING_VERSION = 1.2.0;
				PRODUCT_BUNDLE_IDENTIFIER = com.puul.ai;
				PRODUCT_NAME = "$(TARGET_NAME)";
				PROVISIONING_PROFILE_SPECIFIER = "";
				SUPPORTED_PLATFORMS = "iphoneos iphonesimulator";
				SUPPORTS_MACCATALYST = NO;
				SUPPORTS_MAC_DESIGNED_FOR_IPHONE_IPAD = NO;
				SWIFT_EMIT_LOC_STRINGS = YES;
				SWIFT_VERSION = 5.0;
				TARGETED_DEVICE_FAMILY = "1,2";
			};
			name = Release;
		};
/* End XCBuildConfiguration section */

/* Begin XCConfigurationList section */
		8B91BFFB298AD09E0079AF26 /* Build configuration list for PBXProject "Puul.ai" */ = {
			isa = XCConfigurationList;
			buildConfigurations = (
				8B91C00C298AD09F0079AF26 /* Debug */,
				8B91C00D298AD09F0079AF26 /* Release */,
			);
			defaultConfigurationIsVisible = 0;
			defaultConfigurationName = Release;
		};
		8B91C00E298AD09F0079AF26 /* Build configuration list for PBXNativeTarget "Puul" */ = {
			isa = XCConfigurationList;
			buildConfigurations = (
				8B91C00F298AD09F0079AF26 /* Debug */,
				8B91C010298AD09F0079AF26 /* Release */,
			);
			defaultConfigurationIsVisible = 0;
			defaultConfigurationName = Release;
		};
/* End XCConfigurationList section */

/* Begin XCLocalSwiftPackageReference section */
		761FF51E2D34B1F200CE2336 /* XCLocalSwiftPackageReference "similarity-search-kit" */ = {
			isa = XCLocalSwiftPackageReference;
			relativePath = "similarity-search-kit";
		};
/* End XCLocalSwiftPackageReference section */

/* Begin XCRemoteSwiftPackageReference section */
		767EBC102D349FA8003FCB43 /* XCRemoteSwiftPackageReference "swift-markdown-ui" */ = {
			isa = XCRemoteSwiftPackageReference;
			repositoryURL = "https://github.com/gonzalezreal/swift-markdown-ui";
			requirement = {
				kind = upToNextMajorVersion;
				minimumVersion = 2.4.1;
			};
		};
/* End XCRemoteSwiftPackageReference section */

/* Begin XCSwiftPackageProductDependency section */
		761FF51F2D34B1F200CE2336 /* SimilaritySearchKit */ = {
			isa = XCSwiftPackageProductDependency;
			productName = SimilaritySearchKit;
		};
		761FF5212D34B1F200CE2336 /* SimilaritySearchKitDistilbert */ = {
			isa = XCSwiftPackageProductDependency;
			productName = SimilaritySearchKitDistilbert;
		};
		761FF5232D34B1F200CE2336 /* SimilaritySearchKitMiniLMAll */ = {
			isa = XCSwiftPackageProductDependency;
			productName = SimilaritySearchKitMiniLMAll;
		};
		761FF5252D34B1F200CE2336 /* SimilaritySearchKitMiniLMMultiQA */ = {
			isa = XCSwiftPackageProductDependency;
			productName = SimilaritySearchKitMiniLMMultiQA;
		};
		767EBBE92D34983F003FCB43 /* llmfarm_core */ = {
			isa = XCSwiftPackageProductDependency;
			productName = llmfarm_core;
		};
		767EBC112D349FA8003FCB43 /* MarkdownUI */ = {
			isa = XCSwiftPackageProductDependency;
			package = 767EBC102D349FA8003FCB43 /* XCRemoteSwiftPackageReference "swift-markdown-ui" */;
			productName = MarkdownUI;
		};
/* End XCSwiftPackageProductDependency section */
	};
	rootObject = 8B91BFF8298AD09E0079AF26 /* Project object */;
}
