// !$*UTF8*$!
{
	archiveVersion = 1;
	classes = {
	};
	objectVersion = 56;
	objects = {

/* Begin PBXBuildFile section */
		5478698D97C1AC88D2098894 /* Pods_XCAChatGPTWatch_Watch_App.framework in Frameworks */ = {isa = PBXBuildFile; fileRef = 22B6C5022B76840FE795F648 /* Pods_XCAChatGPTWatch_Watch_App.framework */; };
		64EDDA407949C882E658CF55 /* Pods_XCAChatGPTTV.framework in Frameworks */ = {isa = PBXBuildFile; fileRef = 32B67BEBBAFF5BBF02A3422D /* Pods_XCAChatGPTTV.framework */; };
		7A81C1602A006F61000496E3 /* CloudKit.swift in Sources */ = {isa = PBXBuildFile; fileRef = 7A81C15F2A006F61000496E3 /* CloudKit.swift */; };
		7A81C1612A006F61000496E3 /* CloudKit.swift in Sources */ = {isa = PBXBuildFile; fileRef = 7A81C15F2A006F61000496E3 /* CloudKit.swift */; };
		7A81C1622A006F61000496E3 /* CloudKit.swift in Sources */ = {isa = PBXBuildFile; fileRef = 7A81C15F2A006F61000496E3 /* CloudKit.swift */; };
		7A81C1632A006F61000496E3 /* CloudKit.swift in Sources */ = {isa = PBXBuildFile; fileRef = 7A81C15F2A006F61000496E3 /* CloudKit.swift */; };
		7A81C1652A01BDA5000496E3 /* TempView.swift in Sources */ = {isa = PBXBuildFile; fileRef = 7A81C1642A01BDA5000496E3 /* TempView.swift */; };
		7A81C1662A01BDA5000496E3 /* TempView.swift in Sources */ = {isa = PBXBuildFile; fileRef = 7A81C1642A01BDA5000496E3 /* TempView.swift */; };
		7A81C1672A01BDA5000496E3 /* TempView.swift in Sources */ = {isa = PBXBuildFile; fileRef = 7A81C1642A01BDA5000496E3 /* TempView.swift */; };
		7A81C1682A01BDA5000496E3 /* TempView.swift in Sources */ = {isa = PBXBuildFile; fileRef = 7A81C1642A01BDA5000496E3 /* TempView.swift */; };
		7A81C16A2A021077000496E3 /* PlaidAPI.swift in Sources */ = {isa = PBXBuildFile; fileRef = 7A81C1692A021077000496E3 /* PlaidAPI.swift */; };
		7A81C16B2A021077000496E3 /* PlaidAPI.swift in Sources */ = {isa = PBXBuildFile; fileRef = 7A81C1692A021077000496E3 /* PlaidAPI.swift */; };
		7A81C16C2A021077000496E3 /* PlaidAPI.swift in Sources */ = {isa = PBXBuildFile; fileRef = 7A81C1692A021077000496E3 /* PlaidAPI.swift */; };
		7A81C16D2A021077000496E3 /* PlaidAPI.swift in Sources */ = {isa = PBXBuildFile; fileRef = 7A81C1692A021077000496E3 /* PlaidAPI.swift */; };
		7A81C16F2A0216A5000496E3 /* PlaidAPIModels.swift in Sources */ = {isa = PBXBuildFile; fileRef = 7A81C16E2A0216A5000496E3 /* PlaidAPIModels.swift */; };
		7A81C1702A0216A5000496E3 /* PlaidAPIModels.swift in Sources */ = {isa = PBXBuildFile; fileRef = 7A81C16E2A0216A5000496E3 /* PlaidAPIModels.swift */; };
		7A81C1712A0216A5000496E3 /* PlaidAPIModels.swift in Sources */ = {isa = PBXBuildFile; fileRef = 7A81C16E2A0216A5000496E3 /* PlaidAPIModels.swift */; };
		7A81C1722A0216A5000496E3 /* PlaidAPIModels.swift in Sources */ = {isa = PBXBuildFile; fileRef = 7A81C16E2A0216A5000496E3 /* PlaidAPIModels.swift */; };
		7A81C1742A049587000496E3 /* LinkController.swift in Sources */ = {isa = PBXBuildFile; fileRef = 7A81C1732A049587000496E3 /* LinkController.swift */; };
		7A81C1752A049587000496E3 /* LinkController.swift in Sources */ = {isa = PBXBuildFile; fileRef = 7A81C1732A049587000496E3 /* LinkController.swift */; };
		7A81C1762A049587000496E3 /* LinkController.swift in Sources */ = {isa = PBXBuildFile; fileRef = 7A81C1732A049587000496E3 /* LinkController.swift */; };
		7A81C1772A049587000496E3 /* LinkController.swift in Sources */ = {isa = PBXBuildFile; fileRef = 7A81C1732A049587000496E3 /* LinkController.swift */; };
		7A81C1792A0AC3A4000496E3 /* BankAccountDetailsView.swift in Sources */ = {isa = PBXBuildFile; fileRef = 7A81C1782A0AC3A4000496E3 /* BankAccountDetailsView.swift */; };
		7A81C17A2A0AC3A4000496E3 /* BankAccountDetailsView.swift in Sources */ = {isa = PBXBuildFile; fileRef = 7A81C1782A0AC3A4000496E3 /* BankAccountDetailsView.swift */; };
		7A81C17B2A0AC3A4000496E3 /* BankAccountDetailsView.swift in Sources */ = {isa = PBXBuildFile; fileRef = 7A81C1782A0AC3A4000496E3 /* BankAccountDetailsView.swift */; };
		7A81C17C2A0AC3A4000496E3 /* BankAccountDetailsView.swift in Sources */ = {isa = PBXBuildFile; fileRef = 7A81C1782A0AC3A4000496E3 /* BankAccountDetailsView.swift */; };
		7A81C17E2A1031F7000496E3 /* BankAccountsListView.swift in Sources */ = {isa = PBXBuildFile; fileRef = 7A81C17D2A1031F7000496E3 /* BankAccountsListView.swift */; };
		7A81C17F2A1031F7000496E3 /* BankAccountsListView.swift in Sources */ = {isa = PBXBuildFile; fileRef = 7A81C17D2A1031F7000496E3 /* BankAccountsListView.swift */; };
		7A81C1802A1031F7000496E3 /* BankAccountsListView.swift in Sources */ = {isa = PBXBuildFile; fileRef = 7A81C17D2A1031F7000496E3 /* BankAccountsListView.swift */; };
		7A81C1812A1031F7000496E3 /* BankAccountsListView.swift in Sources */ = {isa = PBXBuildFile; fileRef = 7A81C17D2A1031F7000496E3 /* BankAccountsListView.swift */; };
		7A81C1832A11C58D000496E3 /* BrokerAccountsListView.swift in Sources */ = {isa = PBXBuildFile; fileRef = 7A81C1822A11C58D000496E3 /* BrokerAccountsListView.swift */; };
		7A81C1842A11C58D000496E3 /* BrokerAccountsListView.swift in Sources */ = {isa = PBXBuildFile; fileRef = 7A81C1822A11C58D000496E3 /* BrokerAccountsListView.swift */; };
		7A81C1852A11C58D000496E3 /* BrokerAccountsListView.swift in Sources */ = {isa = PBXBuildFile; fileRef = 7A81C1822A11C58D000496E3 /* BrokerAccountsListView.swift */; };
		7A81C1862A11C58D000496E3 /* BrokerAccountsListView.swift in Sources */ = {isa = PBXBuildFile; fileRef = 7A81C1822A11C58D000496E3 /* BrokerAccountsListView.swift */; };
		7A81C1882A11C843000496E3 /* BrokerAccountDetailsView.swift in Sources */ = {isa = PBXBuildFile; fileRef = 7A81C1872A11C843000496E3 /* BrokerAccountDetailsView.swift */; };
		7A81C1892A11C843000496E3 /* BrokerAccountDetailsView.swift in Sources */ = {isa = PBXBuildFile; fileRef = 7A81C1872A11C843000496E3 /* BrokerAccountDetailsView.swift */; };
		7A81C18A2A11C843000496E3 /* BrokerAccountDetailsView.swift in Sources */ = {isa = PBXBuildFile; fileRef = 7A81C1872A11C843000496E3 /* BrokerAccountDetailsView.swift */; };
		7A81C18B2A11C843000496E3 /* BrokerAccountDetailsView.swift in Sources */ = {isa = PBXBuildFile; fileRef = 7A81C1872A11C843000496E3 /* BrokerAccountDetailsView.swift */; };
		7AD0C9E329F9BB5200C1989D /* HomeView.swift in Sources */ = {isa = PBXBuildFile; fileRef = 7AD0C9E229F9BB5200C1989D /* HomeView.swift */; };
		7AD0C9E529F9BB5200C1989D /* HomeView.swift in Sources */ = {isa = PBXBuildFile; fileRef = 7AD0C9E229F9BB5200C1989D /* HomeView.swift */; };
		7AD0C9E629F9BB5200C1989D /* HomeView.swift in Sources */ = {isa = PBXBuildFile; fileRef = 7AD0C9E229F9BB5200C1989D /* HomeView.swift */; };
		7AD0C9E729F9BB7800C1989D /* HomeView.swift in Sources */ = {isa = PBXBuildFile; fileRef = 7AD0C9E229F9BB5200C1989D /* HomeView.swift */; };
		7AD0C9E929FB7D5F00C1989D /* AssetPickerView.swift in Sources */ = {isa = PBXBuildFile; fileRef = 7AD0C9E829FB7D5F00C1989D /* AssetPickerView.swift */; };
		7AD0C9EA29FB7D5F00C1989D /* AssetPickerView.swift in Sources */ = {isa = PBXBuildFile; fileRef = 7AD0C9E829FB7D5F00C1989D /* AssetPickerView.swift */; };
		7AD0C9EB29FB7D5F00C1989D /* AssetPickerView.swift in Sources */ = {isa = PBXBuildFile; fileRef = 7AD0C9E829FB7D5F00C1989D /* AssetPickerView.swift */; };
		7AD0C9EC29FB7D5F00C1989D /* AssetPickerView.swift in Sources */ = {isa = PBXBuildFile; fileRef = 7AD0C9E829FB7D5F00C1989D /* AssetPickerView.swift */; };
		8A1DE05B59743F0740B6F280 /* Pods_XCAChatGPTMac.framework in Frameworks */ = {isa = PBXBuildFile; fileRef = 748DDB675ABBAED5D5BB2596 /* Pods_XCAChatGPTMac.framework */; };
		8B057585298E52C000A56C9A /* XCAChatGPTMacApp.swift in Sources */ = {isa = PBXBuildFile; fileRef = 8B057584298E52C000A56C9A /* XCAChatGPTMacApp.swift */; };
		8B057589298E52C000A56C9A /* Assets.xcassets in Resources */ = {isa = PBXBuildFile; fileRef = 8B057588298E52C000A56C9A /* Assets.xcassets */; };
		8B05758C298E52C000A56C9A /* Preview Assets.xcassets in Resources */ = {isa = PBXBuildFile; fileRef = 8B05758B298E52C000A56C9A /* Preview Assets.xcassets */; };
		8B057592298E52D900A56C9A /* DotLoadingView.swift in Sources */ = {isa = PBXBuildFile; fileRef = 8B91C017298ADF4E0079AF26 /* DotLoadingView.swift */; };
		8B057593298E52D900A56C9A /* ChatGPTAPI.swift in Sources */ = {isa = PBXBuildFile; fileRef = 8B91C011298AD0CE0079AF26 /* ChatGPTAPI.swift */; };
		8B057594298E52D900A56C9A /* ContentView.swift in Sources */ = {isa = PBXBuildFile; fileRef = 8B91C005298AD09E0079AF26 /* ContentView.swift */; };
		8B057595298E52D900A56C9A /* MessageRowView.swift in Sources */ = {isa = PBXBuildFile; fileRef = 8B91C019298ADF7F0079AF26 /* MessageRowView.swift */; };
		8B057596298E52DD00A56C9A /* ViewModel.swift in Sources */ = {isa = PBXBuildFile; fileRef = 8B91C013298ADC560079AF26 /* ViewModel.swift */; };
		8B057597298E52DD00A56C9A /* MessageRow.swift in Sources */ = {isa = PBXBuildFile; fileRef = 8B91C015298ADC9D0079AF26 /* MessageRow.swift */; };
		8B0575F6298FA9D800A56C9A /* XCAChatGPTWatchApp.swift in Sources */ = {isa = PBXBuildFile; fileRef = 8B0575F5298FA9D800A56C9A /* XCAChatGPTWatchApp.swift */; };
		8B0575FA298FA9DA00A56C9A /* Assets.xcassets in Resources */ = {isa = PBXBuildFile; fileRef = 8B0575F9298FA9DA00A56C9A /* Assets.xcassets */; };
		8B0575FD298FA9DA00A56C9A /* Preview Assets.xcassets in Resources */ = {isa = PBXBuildFile; fileRef = 8B0575FC298FA9DA00A56C9A /* Preview Assets.xcassets */; };
		8B057605298FA9E900A56C9A /* ContentView.swift in Sources */ = {isa = PBXBuildFile; fileRef = 8B91C005298AD09E0079AF26 /* ContentView.swift */; };
		8B057606298FA9E900A56C9A /* MessageRowView.swift in Sources */ = {isa = PBXBuildFile; fileRef = 8B91C019298ADF7F0079AF26 /* MessageRowView.swift */; };
		8B057607298FA9E900A56C9A /* ViewModel.swift in Sources */ = {isa = PBXBuildFile; fileRef = 8B91C013298ADC560079AF26 /* ViewModel.swift */; };
		8B057608298FA9E900A56C9A /* DotLoadingView.swift in Sources */ = {isa = PBXBuildFile; fileRef = 8B91C017298ADF4E0079AF26 /* DotLoadingView.swift */; };
		8B057609298FA9E900A56C9A /* MessageRow.swift in Sources */ = {isa = PBXBuildFile; fileRef = 8B91C015298ADC9D0079AF26 /* MessageRow.swift */; };
		8B05760A298FA9E900A56C9A /* ChatGPTAPI.swift in Sources */ = {isa = PBXBuildFile; fileRef = 8B91C011298AD0CE0079AF26 /* ChatGPTAPI.swift */; };
		8B057614298FBDB600A56C9A /* XCAChatGPTTVApp.swift in Sources */ = {isa = PBXBuildFile; fileRef = 8B057613298FBDB600A56C9A /* XCAChatGPTTVApp.swift */; };
		8B057618298FBDB700A56C9A /* Assets.xcassets in Resources */ = {isa = PBXBuildFile; fileRef = 8B057617298FBDB700A56C9A /* Assets.xcassets */; };
		8B05761B298FBDB700A56C9A /* Preview Assets.xcassets in Resources */ = {isa = PBXBuildFile; fileRef = 8B05761A298FBDB700A56C9A /* Preview Assets.xcassets */; };
		8B05761F298FBE0400A56C9A /* ChatGPTAPI.swift in Sources */ = {isa = PBXBuildFile; fileRef = 8B91C011298AD0CE0079AF26 /* ChatGPTAPI.swift */; };
		8B057620298FBE0400A56C9A /* ContentView.swift in Sources */ = {isa = PBXBuildFile; fileRef = 8B91C005298AD09E0079AF26 /* ContentView.swift */; };
		8B057621298FBE0400A56C9A /* MessageRow.swift in Sources */ = {isa = PBXBuildFile; fileRef = 8B91C015298ADC9D0079AF26 /* MessageRow.swift */; };
		8B057622298FBE0400A56C9A /* MessageRowView.swift in Sources */ = {isa = PBXBuildFile; fileRef = 8B91C019298ADF7F0079AF26 /* MessageRowView.swift */; };
		8B057623298FBE0400A56C9A /* DotLoadingView.swift in Sources */ = {isa = PBXBuildFile; fileRef = 8B91C017298ADF4E0079AF26 /* DotLoadingView.swift */; };
		8B057624298FBE0400A56C9A /* ViewModel.swift in Sources */ = {isa = PBXBuildFile; fileRef = 8B91C013298ADC560079AF26 /* ViewModel.swift */; };
		8B05764829909A9200A56C9A /* ScrollView.swift in Sources */ = {isa = PBXBuildFile; fileRef = 8B05764729909A9200A56C9A /* ScrollView.swift */; };
		8B612E2529D68CC9008DF5AF /* TextView.swift in Sources */ = {isa = PBXBuildFile; fileRef = 8B612E2229D68CC9008DF5AF /* TextView.swift */; };
		8B612E2629D68CC9008DF5AF /* TokenizerView.swift in Sources */ = {isa = PBXBuildFile; fileRef = 8B612E2329D68CC9008DF5AF /* TokenizerView.swift */; };
		8B612E2729D68CC9008DF5AF /* TokenizerViewModel.swift in Sources */ = {isa = PBXBuildFile; fileRef = 8B612E2429D68CC9008DF5AF /* TokenizerViewModel.swift */; };
		8B612E2A29D68CE3008DF5AF /* GPTEncoder in Frameworks */ = {isa = PBXBuildFile; productRef = 8B612E2929D68CE3008DF5AF /* GPTEncoder */; };
		8B82463429B1F49F0069B8F7 /* ChatGPTAPIModels.swift in Sources */ = {isa = PBXBuildFile; fileRef = 8B82463329B1F49F0069B8F7 /* ChatGPTAPIModels.swift */; };
		8B82463529B1F49F0069B8F7 /* ChatGPTAPIModels.swift in Sources */ = {isa = PBXBuildFile; fileRef = 8B82463329B1F49F0069B8F7 /* ChatGPTAPIModels.swift */; };
		8B82463629B1F49F0069B8F7 /* ChatGPTAPIModels.swift in Sources */ = {isa = PBXBuildFile; fileRef = 8B82463329B1F49F0069B8F7 /* ChatGPTAPIModels.swift */; };
		8B82463729B1F49F0069B8F7 /* ChatGPTAPIModels.swift in Sources */ = {isa = PBXBuildFile; fileRef = 8B82463329B1F49F0069B8F7 /* ChatGPTAPIModels.swift */; };
		8B91C004298AD09E0079AF26 /* XCAChatGPTApp.swift in Sources */ = {isa = PBXBuildFile; fileRef = 8B91C003298AD09E0079AF26 /* XCAChatGPTApp.swift */; };
		8B91C006298AD09E0079AF26 /* ContentView.swift in Sources */ = {isa = PBXBuildFile; fileRef = 8B91C005298AD09E0079AF26 /* ContentView.swift */; };
		8B91C008298AD09F0079AF26 /* Assets.xcassets in Resources */ = {isa = PBXBuildFile; fileRef = 8B91C007298AD09F0079AF26 /* Assets.xcassets */; };
		8B91C00B298AD09F0079AF26 /* Preview Assets.xcassets in Resources */ = {isa = PBXBuildFile; fileRef = 8B91C00A298AD09F0079AF26 /* Preview Assets.xcassets */; };
		8B91C012298AD0CE0079AF26 /* ChatGPTAPI.swift in Sources */ = {isa = PBXBuildFile; fileRef = 8B91C011298AD0CE0079AF26 /* ChatGPTAPI.swift */; };
		8B91C014298ADC560079AF26 /* ViewModel.swift in Sources */ = {isa = PBXBuildFile; fileRef = 8B91C013298ADC560079AF26 /* ViewModel.swift */; };
		8B91C016298ADC9D0079AF26 /* MessageRow.swift in Sources */ = {isa = PBXBuildFile; fileRef = 8B91C015298ADC9D0079AF26 /* MessageRow.swift */; };
		8B91C018298ADF4E0079AF26 /* DotLoadingView.swift in Sources */ = {isa = PBXBuildFile; fileRef = 8B91C017298ADF4E0079AF26 /* DotLoadingView.swift */; };
		8B91C01A298ADF7F0079AF26 /* MessageRowView.swift in Sources */ = {isa = PBXBuildFile; fileRef = 8B91C019298ADF7F0079AF26 /* MessageRowView.swift */; };
		BC6F1A1A3D544F51CDCDA5FE /* Pods_XCAChatGPTWatch.framework in Frameworks */ = {isa = PBXBuildFile; fileRef = 5E1DFD3E62FFE37A600FFF4E /* Pods_XCAChatGPTWatch.framework */; };
		EAF2F19C67A09FF6895225F4 /* Pods_Puul.framework in Frameworks */ = {isa = PBXBuildFile; fileRef = A8A2BFACEC47BFD5FAF7A5F1 /* Pods_Puul.framework */; };
/* End PBXBuildFile section */

/* Begin PBXContainerItemProxy section */
		8B0575F2298FA9D800A56C9A /* PBXContainerItemProxy */ = {
			isa = PBXContainerItemProxy;
			containerPortal = 8B91BFF8298AD09E0079AF26 /* Project object */;
			proxyType = 1;
			remoteGlobalIDString = 8B0575EF298FA9D800A56C9A;
			remoteInfo = "XCAChatGPTWatch Watch App";
		};
/* End PBXContainerItemProxy section */

/* Begin PBXCopyFilesBuildPhase section */
		8B057600298FA9DA00A56C9A /* Embed Watch Content */ = {
			isa = PBXCopyFilesBuildPhase;
			buildActionMask = 2147483647;
			dstPath = "$(CONTENTS_FOLDER_PATH)/Watch";
			dstSubfolderSpec = 16;
			files = (
			);
			name = "Embed Watch Content";
			runOnlyForDeploymentPostprocessing = 0;
		};
/* End PBXCopyFilesBuildPhase section */

/* Begin PBXFileReference section */
		0ABF659EC0DE4AED124D9ADD /* Pods-XCAChatGPTWatch Watch App.debug.xcconfig */ = {isa = PBXFileReference; includeInIndex = 1; lastKnownFileType = text.xcconfig; name = "Pods-XCAChatGPTWatch Watch App.debug.xcconfig"; path = "Target Support Files/Pods-XCAChatGPTWatch Watch App/Pods-XCAChatGPTWatch Watch App.debug.xcconfig"; sourceTree = "<group>"; };
		22B6C5022B76840FE795F648 /* Pods_XCAChatGPTWatch_Watch_App.framework */ = {isa = PBXFileReference; explicitFileType = wrapper.framework; includeInIndex = 0; path = Pods_XCAChatGPTWatch_Watch_App.framework; sourceTree = BUILT_PRODUCTS_DIR; };
		32B67BEBBAFF5BBF02A3422D /* Pods_XCAChatGPTTV.framework */ = {isa = PBXFileReference; explicitFileType = wrapper.framework; includeInIndex = 0; path = Pods_XCAChatGPTTV.framework; sourceTree = BUILT_PRODUCTS_DIR; };
		514D384B6044FC93E22F55CD /* Pods-XCAChatGPTMac.debug.xcconfig */ = {isa = PBXFileReference; includeInIndex = 1; lastKnownFileType = text.xcconfig; name = "Pods-XCAChatGPTMac.debug.xcconfig"; path = "Target Support Files/Pods-XCAChatGPTMac/Pods-XCAChatGPTMac.debug.xcconfig"; sourceTree = "<group>"; };
		5C990DF89AACBA6EC5733429 /* Pods-Puul.release.xcconfig */ = {isa = PBXFileReference; includeInIndex = 1; lastKnownFileType = text.xcconfig; name = "Pods-Puul.release.xcconfig"; path = "Target Support Files/Pods-Puul/Pods-Puul.release.xcconfig"; sourceTree = "<group>"; };
		5E1DFD3E62FFE37A600FFF4E /* Pods_XCAChatGPTWatch.framework */ = {isa = PBXFileReference; explicitFileType = wrapper.framework; includeInIndex = 0; path = Pods_XCAChatGPTWatch.framework; sourceTree = BUILT_PRODUCTS_DIR; };
		748DDB675ABBAED5D5BB2596 /* Pods_XCAChatGPTMac.framework */ = {isa = PBXFileReference; explicitFileType = wrapper.framework; includeInIndex = 0; path = Pods_XCAChatGPTMac.framework; sourceTree = BUILT_PRODUCTS_DIR; };
		7A48E55D29FE56E60068362F /* Puul.app */ = {isa = PBXFileReference; explicitFileType = wrapper.application; includeInIndex = 0; path = Puul.app; sourceTree = BUILT_PRODUCTS_DIR; };
		7A48E55E29FE56E60068362F /* XCAChatGPTMac.app */ = {isa = PBXFileReference; explicitFileType = wrapper.application; includeInIndex = 0; path = XCAChatGPTMac.app; sourceTree = BUILT_PRODUCTS_DIR; };
		7A48E55F29FE56E60068362F /* XCAChatGPTWatch.app */ = {isa = PBXFileReference; explicitFileType = wrapper.application; includeInIndex = 0; path = XCAChatGPTWatch.app; sourceTree = BUILT_PRODUCTS_DIR; };
		7A48E56029FE56E60068362F /* XCAChatGPTWatch Watch App.app */ = {isa = PBXFileReference; explicitFileType = wrapper.application; includeInIndex = 0; path = "XCAChatGPTWatch Watch App.app"; sourceTree = BUILT_PRODUCTS_DIR; };
		7A48E56129FE56E60068362F /* XCAChatGPTTV.app */ = {isa = PBXFileReference; explicitFileType = wrapper.application; includeInIndex = 0; path = XCAChatGPTTV.app; sourceTree = BUILT_PRODUCTS_DIR; };
		7A48E56229FE57C80068362F /* LinkKit.xcframework */ = {isa = PBXFileReference; lastKnownFileType = wrapper.xcframework; name = LinkKit.xcframework; path = "../../Downloads/plaid-link-ios-4.2.1/LinkKit.xcframework"; sourceTree = "<group>"; };
		7A81C15F2A006F61000496E3 /* CloudKit.swift */ = {isa = PBXFileReference; lastKnownFileType = sourcecode.swift; path = CloudKit.swift; sourceTree = "<group>"; };
		7A81C1642A01BDA5000496E3 /* TempView.swift */ = {isa = PBXFileReference; lastKnownFileType = sourcecode.swift; path = TempView.swift; sourceTree = "<group>"; };
		7A81C1692A021077000496E3 /* PlaidAPI.swift */ = {isa = PBXFileReference; lastKnownFileType = sourcecode.swift; path = PlaidAPI.swift; sourceTree = "<group>"; };
		7A81C16E2A0216A5000496E3 /* PlaidAPIModels.swift */ = {isa = PBXFileReference; lastKnownFileType = sourcecode.swift; path = PlaidAPIModels.swift; sourceTree = "<group>"; };
		7A81C1732A049587000496E3 /* LinkController.swift */ = {isa = PBXFileReference; lastKnownFileType = sourcecode.swift; path = LinkController.swift; sourceTree = "<group>"; };
		7A81C1782A0AC3A4000496E3 /* BankAccountDetailsView.swift */ = {isa = PBXFileReference; lastKnownFileType = sourcecode.swift; path = BankAccountDetailsView.swift; sourceTree = "<group>"; };
		7A81C17D2A1031F7000496E3 /* BankAccountsListView.swift */ = {isa = PBXFileReference; lastKnownFileType = sourcecode.swift; path = BankAccountsListView.swift; sourceTree = "<group>"; };
		7A81C1822A11C58D000496E3 /* BrokerAccountsListView.swift */ = {isa = PBXFileReference; lastKnownFileType = sourcecode.swift; path = BrokerAccountsListView.swift; sourceTree = "<group>"; };
		7A81C1872A11C843000496E3 /* BrokerAccountDetailsView.swift */ = {isa = PBXFileReference; lastKnownFileType = sourcecode.swift; path = BrokerAccountDetailsView.swift; sourceTree = "<group>"; };
		7AB997BC29F1D9BA00BC8E4B /* XCAChatGPT.entitlements */ = {isa = PBXFileReference; lastKnownFileType = text.plist.entitlements; path = XCAChatGPT.entitlements; sourceTree = "<group>"; };
		7AD0C9E229F9BB5200C1989D /* HomeView.swift */ = {isa = PBXFileReference; lastKnownFileType = sourcecode.swift; path = HomeView.swift; sourceTree = "<group>"; };
		7AD0C9E829FB7D5F00C1989D /* AssetPickerView.swift */ = {isa = PBXFileReference; lastKnownFileType = sourcecode.swift; path = AssetPickerView.swift; sourceTree = "<group>"; };
		8B057584298E52C000A56C9A /* XCAChatGPTMacApp.swift */ = {isa = PBXFileReference; lastKnownFileType = sourcecode.swift; path = XCAChatGPTMacApp.swift; sourceTree = "<group>"; };
		8B057588298E52C000A56C9A /* Assets.xcassets */ = {isa = PBXFileReference; lastKnownFileType = folder.assetcatalog; path = Assets.xcassets; sourceTree = "<group>"; };
		8B05758B298E52C000A56C9A /* Preview Assets.xcassets */ = {isa = PBXFileReference; lastKnownFileType = folder.assetcatalog; path = "Preview Assets.xcassets"; sourceTree = "<group>"; };
		8B05758D298E52C000A56C9A /* XCAChatGPTMac.entitlements */ = {isa = PBXFileReference; lastKnownFileType = text.plist.entitlements; path = XCAChatGPTMac.entitlements; sourceTree = "<group>"; };
		8B0575F5298FA9D800A56C9A /* XCAChatGPTWatchApp.swift */ = {isa = PBXFileReference; lastKnownFileType = sourcecode.swift; path = XCAChatGPTWatchApp.swift; sourceTree = "<group>"; };
		8B0575F9298FA9DA00A56C9A /* Assets.xcassets */ = {isa = PBXFileReference; lastKnownFileType = folder.assetcatalog; path = Assets.xcassets; sourceTree = "<group>"; };
		8B0575FC298FA9DA00A56C9A /* Preview Assets.xcassets */ = {isa = PBXFileReference; lastKnownFileType = folder.assetcatalog; path = "Preview Assets.xcassets"; sourceTree = "<group>"; };
		8B057613298FBDB600A56C9A /* XCAChatGPTTVApp.swift */ = {isa = PBXFileReference; lastKnownFileType = sourcecode.swift; path = XCAChatGPTTVApp.swift; sourceTree = "<group>"; };
		8B057617298FBDB700A56C9A /* Assets.xcassets */ = {isa = PBXFileReference; lastKnownFileType = folder.assetcatalog; path = Assets.xcassets; sourceTree = "<group>"; };
		8B05761A298FBDB700A56C9A /* Preview Assets.xcassets */ = {isa = PBXFileReference; lastKnownFileType = folder.assetcatalog; path = "Preview Assets.xcassets"; sourceTree = "<group>"; };
		8B05764729909A9200A56C9A /* ScrollView.swift */ = {isa = PBXFileReference; lastKnownFileType = sourcecode.swift; path = ScrollView.swift; sourceTree = "<group>"; };
		8B612E2229D68CC9008DF5AF /* TextView.swift */ = {isa = PBXFileReference; fileEncoding = 4; lastKnownFileType = sourcecode.swift; path = TextView.swift; sourceTree = "<group>"; };
		8B612E2329D68CC9008DF5AF /* TokenizerView.swift */ = {isa = PBXFileReference; fileEncoding = 4; lastKnownFileType = sourcecode.swift; path = TokenizerView.swift; sourceTree = "<group>"; };
		8B612E2429D68CC9008DF5AF /* TokenizerViewModel.swift */ = {isa = PBXFileReference; fileEncoding = 4; lastKnownFileType = sourcecode.swift; path = TokenizerViewModel.swift; sourceTree = "<group>"; };
		8B82463329B1F49F0069B8F7 /* ChatGPTAPIModels.swift */ = {isa = PBXFileReference; lastKnownFileType = sourcecode.swift; path = ChatGPTAPIModels.swift; sourceTree = "<group>"; };
		8B91C003298AD09E0079AF26 /* XCAChatGPTApp.swift */ = {isa = PBXFileReference; lastKnownFileType = sourcecode.swift; path = XCAChatGPTApp.swift; sourceTree = "<group>"; };
		8B91C005298AD09E0079AF26 /* ContentView.swift */ = {isa = PBXFileReference; lastKnownFileType = sourcecode.swift; path = ContentView.swift; sourceTree = "<group>"; };
		8B91C007298AD09F0079AF26 /* Assets.xcassets */ = {isa = PBXFileReference; lastKnownFileType = folder.assetcatalog; path = Assets.xcassets; sourceTree = "<group>"; };
		8B91C00A298AD09F0079AF26 /* Preview Assets.xcassets */ = {isa = PBXFileReference; lastKnownFileType = folder.assetcatalog; path = "Preview Assets.xcassets"; sourceTree = "<group>"; };
		8B91C011298AD0CE0079AF26 /* ChatGPTAPI.swift */ = {isa = PBXFileReference; lastKnownFileType = sourcecode.swift; path = ChatGPTAPI.swift; sourceTree = "<group>"; };
		8B91C013298ADC560079AF26 /* ViewModel.swift */ = {isa = PBXFileReference; lastKnownFileType = sourcecode.swift; path = ViewModel.swift; sourceTree = "<group>"; };
		8B91C015298ADC9D0079AF26 /* MessageRow.swift */ = {isa = PBXFileReference; lastKnownFileType = sourcecode.swift; path = MessageRow.swift; sourceTree = "<group>"; };
		8B91C017298ADF4E0079AF26 /* DotLoadingView.swift */ = {isa = PBXFileReference; lastKnownFileType = sourcecode.swift; path = DotLoadingView.swift; sourceTree = "<group>"; };
		8B91C019298ADF7F0079AF26 /* MessageRowView.swift */ = {isa = PBXFileReference; lastKnownFileType = sourcecode.swift; path = MessageRowView.swift; sourceTree = "<group>"; };
		8EF3798C9BF48FEFDF559FA6 /* Pods-XCAChatGPTWatch Watch App.release.xcconfig */ = {isa = PBXFileReference; includeInIndex = 1; lastKnownFileType = text.xcconfig; name = "Pods-XCAChatGPTWatch Watch App.release.xcconfig"; path = "Target Support Files/Pods-XCAChatGPTWatch Watch App/Pods-XCAChatGPTWatch Watch App.release.xcconfig"; sourceTree = "<group>"; };
		A3B798F510E42DA9B0CFAC2A /* Pods-XCAChatGPTWatch.debug.xcconfig */ = {isa = PBXFileReference; includeInIndex = 1; lastKnownFileType = text.xcconfig; name = "Pods-XCAChatGPTWatch.debug.xcconfig"; path = "Target Support Files/Pods-XCAChatGPTWatch/Pods-XCAChatGPTWatch.debug.xcconfig"; sourceTree = "<group>"; };
		A8A2BFACEC47BFD5FAF7A5F1 /* Pods_Puul.framework */ = {isa = PBXFileReference; explicitFileType = wrapper.framework; includeInIndex = 0; path = Pods_Puul.framework; sourceTree = BUILT_PRODUCTS_DIR; };
		BA08AD06927A1FB0D2D03CC5 /* Pods-XCAChatGPTWatch.release.xcconfig */ = {isa = PBXFileReference; includeInIndex = 1; lastKnownFileType = text.xcconfig; name = "Pods-XCAChatGPTWatch.release.xcconfig"; path = "Target Support Files/Pods-XCAChatGPTWatch/Pods-XCAChatGPTWatch.release.xcconfig"; sourceTree = "<group>"; };
		F11DADB9EBB1B9FBA57B33AE /* Pods-XCAChatGPTTV.debug.xcconfig */ = {isa = PBXFileReference; includeInIndex = 1; lastKnownFileType = text.xcconfig; name = "Pods-XCAChatGPTTV.debug.xcconfig"; path = "Target Support Files/Pods-XCAChatGPTTV/Pods-XCAChatGPTTV.debug.xcconfig"; sourceTree = "<group>"; };
		F51DEE65651EDBA363225103 /* Pods-Puul.debug.xcconfig */ = {isa = PBXFileReference; includeInIndex = 1; lastKnownFileType = text.xcconfig; name = "Pods-Puul.debug.xcconfig"; path = "Target Support Files/Pods-Puul/Pods-Puul.debug.xcconfig"; sourceTree = "<group>"; };
		F95B674D9848FE7751419CB0 /* Pods-XCAChatGPTTV.release.xcconfig */ = {isa = PBXFileReference; includeInIndex = 1; lastKnownFileType = text.xcconfig; name = "Pods-XCAChatGPTTV.release.xcconfig"; path = "Target Support Files/Pods-XCAChatGPTTV/Pods-XCAChatGPTTV.release.xcconfig"; sourceTree = "<group>"; };
		FFA60A31EB3A88A770803D73 /* Pods-XCAChatGPTMac.release.xcconfig */ = {isa = PBXFileReference; includeInIndex = 1; lastKnownFileType = text.xcconfig; name = "Pods-XCAChatGPTMac.release.xcconfig"; path = "Target Support Files/Pods-XCAChatGPTMac/Pods-XCAChatGPTMac.release.xcconfig"; sourceTree = "<group>"; };
/* End PBXFileReference section */

/* Begin PBXFrameworksBuildPhase section */
		0E150E18FA8DC3718678E0CE /* Frameworks */ = {
			isa = PBXFrameworksBuildPhase;
			buildActionMask = 2147483647;
			files = (
				BC6F1A1A3D544F51CDCDA5FE /* Pods_XCAChatGPTWatch.framework in Frameworks */,
			);
			runOnlyForDeploymentPostprocessing = 0;
		};
		8B05757F298E52C000A56C9A /* Frameworks */ = {
			isa = PBXFrameworksBuildPhase;
			buildActionMask = 2147483647;
			files = (
				8A1DE05B59743F0740B6F280 /* Pods_XCAChatGPTMac.framework in Frameworks */,
			);
			runOnlyForDeploymentPostprocessing = 0;
		};
		8B0575ED298FA9D800A56C9A /* Frameworks */ = {
			isa = PBXFrameworksBuildPhase;
			buildActionMask = 2147483647;
			files = (
				5478698D97C1AC88D2098894 /* Pods_XCAChatGPTWatch_Watch_App.framework in Frameworks */,
			);
			runOnlyForDeploymentPostprocessing = 0;
		};
		8B05760E298FBDB600A56C9A /* Frameworks */ = {
			isa = PBXFrameworksBuildPhase;
			buildActionMask = 2147483647;
			files = (
				64EDDA407949C882E658CF55 /* Pods_XCAChatGPTTV.framework in Frameworks */,
			);
			runOnlyForDeploymentPostprocessing = 0;
		};
		8B91BFFD298AD09E0079AF26 /* Frameworks */ = {
			isa = PBXFrameworksBuildPhase;
			buildActionMask = 2147483647;
			files = (
				8B612E2A29D68CE3008DF5AF /* GPTEncoder in Frameworks */,
				EAF2F19C67A09FF6895225F4 /* Pods_Puul.framework in Frameworks */,
			);
			runOnlyForDeploymentPostprocessing = 0;
		};
/* End PBXFrameworksBuildPhase section */

/* Begin PBXGroup section */
		1D0ED3DAA698BBA300D26E89 /* Pods */ = {
			isa = PBXGroup;
			children = (
				F51DEE65651EDBA363225103 /* Pods-Puul.debug.xcconfig */,
				5C990DF89AACBA6EC5733429 /* Pods-Puul.release.xcconfig */,
				514D384B6044FC93E22F55CD /* Pods-XCAChatGPTMac.debug.xcconfig */,
				FFA60A31EB3A88A770803D73 /* Pods-XCAChatGPTMac.release.xcconfig */,
				F11DADB9EBB1B9FBA57B33AE /* Pods-XCAChatGPTTV.debug.xcconfig */,
				F95B674D9848FE7751419CB0 /* Pods-XCAChatGPTTV.release.xcconfig */,
				A3B798F510E42DA9B0CFAC2A /* Pods-XCAChatGPTWatch.debug.xcconfig */,
				BA08AD06927A1FB0D2D03CC5 /* Pods-XCAChatGPTWatch.release.xcconfig */,
				0ABF659EC0DE4AED124D9ADD /* Pods-XCAChatGPTWatch Watch App.debug.xcconfig */,
				8EF3798C9BF48FEFDF559FA6 /* Pods-XCAChatGPTWatch Watch App.release.xcconfig */,
			);
			path = Pods;
			sourceTree = "<group>";
		};
		7B10ECE5AEC28C28EDDD5E0F /* Frameworks */ = {
			isa = PBXGroup;
			children = (
				7A48E56229FE57C80068362F /* LinkKit.xcframework */,
				748DDB675ABBAED5D5BB2596 /* Pods_XCAChatGPTMac.framework */,
				32B67BEBBAFF5BBF02A3422D /* Pods_XCAChatGPTTV.framework */,
				5E1DFD3E62FFE37A600FFF4E /* Pods_XCAChatGPTWatch.framework */,
				22B6C5022B76840FE795F648 /* Pods_XCAChatGPTWatch_Watch_App.framework */,
				A8A2BFACEC47BFD5FAF7A5F1 /* Pods_Puul.framework */,
			);
			name = Frameworks;
			sourceTree = "<group>";
		};
		8B057583298E52C000A56C9A /* XCAChatGPTMac */ = {
			isa = PBXGroup;
			children = (
				8B057584298E52C000A56C9A /* XCAChatGPTMacApp.swift */,
				8B057588298E52C000A56C9A /* Assets.xcassets */,
				8B05758D298E52C000A56C9A /* XCAChatGPTMac.entitlements */,
				8B05758A298E52C000A56C9A /* Preview Content */,
			);
			path = XCAChatGPTMac;
			sourceTree = "<group>";
		};
		8B05758A298E52C000A56C9A /* Preview Content */ = {
			isa = PBXGroup;
			children = (
				8B05758B298E52C000A56C9A /* Preview Assets.xcassets */,
			);
			path = "Preview Content";
			sourceTree = "<group>";
		};
		8B057591298E52CB00A56C9A /* Shared */ = {
			isa = PBXGroup;
			children = (
				7AD0C9E829FB7D5F00C1989D /* AssetPickerView.swift */,
				7A81C1782A0AC3A4000496E3 /* BankAccountDetailsView.swift */,
				7A81C17D2A1031F7000496E3 /* BankAccountsListView.swift */,
				7A81C1872A11C843000496E3 /* BrokerAccountDetailsView.swift */,
				7A81C1822A11C58D000496E3 /* BrokerAccountsListView.swift */,
				8B91C011298AD0CE0079AF26 /* ChatGPTAPI.swift */,
				8B82463329B1F49F0069B8F7 /* ChatGPTAPIModels.swift */,
				7A81C15F2A006F61000496E3 /* CloudKit.swift */,
				8B91C005298AD09E0079AF26 /* ContentView.swift */,
				8B91C017298ADF4E0079AF26 /* DotLoadingView.swift */,
				7AD0C9E229F9BB5200C1989D /* HomeView.swift */,
				7A81C1732A049587000496E3 /* LinkController.swift */,
				8B91C019298ADF7F0079AF26 /* MessageRowView.swift */,
				7A81C1692A021077000496E3 /* PlaidAPI.swift */,
				7A81C16E2A0216A5000496E3 /* PlaidAPIModels.swift */,
				7A81C1642A01BDA5000496E3 /* TempView.swift */,
				8B91C013298ADC560079AF26 /* ViewModel.swift */,
				8B91C015298ADC9D0079AF26 /* MessageRow.swift */,
			);
			path = Shared;
			sourceTree = "<group>";
		};
		8B0575F4298FA9D800A56C9A /* XCAChatGPTWatch Watch App */ = {
			isa = PBXGroup;
			children = (
				8B0575F5298FA9D800A56C9A /* XCAChatGPTWatchApp.swift */,
				8B0575F9298FA9DA00A56C9A /* Assets.xcassets */,
				8B0575FB298FA9DA00A56C9A /* Preview Content */,
			);
			path = "XCAChatGPTWatch Watch App";
			sourceTree = "<group>";
		};
		8B0575FB298FA9DA00A56C9A /* Preview Content */ = {
			isa = PBXGroup;
			children = (
				8B0575FC298FA9DA00A56C9A /* Preview Assets.xcassets */,
			);
			path = "Preview Content";
			sourceTree = "<group>";
		};
		8B057612298FBDB600A56C9A /* XCAChatGPTTV */ = {
			isa = PBXGroup;
			children = (
				8B057613298FBDB600A56C9A /* XCAChatGPTTVApp.swift */,
				8B057617298FBDB700A56C9A /* Assets.xcassets */,
				8B057619298FBDB700A56C9A /* Preview Content */,
				8B05764729909A9200A56C9A /* ScrollView.swift */,
			);
			path = XCAChatGPTTV;
			sourceTree = "<group>";
		};
		8B057619298FBDB700A56C9A /* Preview Content */ = {
			isa = PBXGroup;
			children = (
				8B05761A298FBDB700A56C9A /* Preview Assets.xcassets */,
			);
			path = "Preview Content";
			sourceTree = "<group>";
		};
		8B91BFF7298AD09E0079AF26 = {
			isa = PBXGroup;
			children = (
				8B057591298E52CB00A56C9A /* Shared */,
				8B91C002298AD09E0079AF26 /* XCAChatGPT */,
				8B057583298E52C000A56C9A /* XCAChatGPTMac */,
				8B0575F4298FA9D800A56C9A /* XCAChatGPTWatch Watch App */,
				8B057612298FBDB600A56C9A /* XCAChatGPTTV */,
				1D0ED3DAA698BBA300D26E89 /* Pods */,
				7B10ECE5AEC28C28EDDD5E0F /* Frameworks */,
				7A48E55D29FE56E60068362F /* Puul.app */,
				7A48E55E29FE56E60068362F /* XCAChatGPTMac.app */,
				7A48E55F29FE56E60068362F /* XCAChatGPTWatch.app */,
				7A48E56029FE56E60068362F /* XCAChatGPTWatch Watch App.app */,
				7A48E56129FE56E60068362F /* XCAChatGPTTV.app */,
			);
			sourceTree = "<group>";
		};
		8B91C002298AD09E0079AF26 /* XCAChatGPT */ = {
			isa = PBXGroup;
			children = (
				7AB997BC29F1D9BA00BC8E4B /* XCAChatGPT.entitlements */,
				8B91C003298AD09E0079AF26 /* XCAChatGPTApp.swift */,
				8B612E2229D68CC9008DF5AF /* TextView.swift */,
				8B612E2329D68CC9008DF5AF /* TokenizerView.swift */,
				8B612E2429D68CC9008DF5AF /* TokenizerViewModel.swift */,
				8B91C007298AD09F0079AF26 /* Assets.xcassets */,
				8B91C009298AD09F0079AF26 /* Preview Content */,
			);
			path = XCAChatGPT;
			sourceTree = "<group>";
		};
		8B91C009298AD09F0079AF26 /* Preview Content */ = {
			isa = PBXGroup;
			children = (
				8B91C00A298AD09F0079AF26 /* Preview Assets.xcassets */,
			);
			path = "Preview Content";
			sourceTree = "<group>";
		};
/* End PBXGroup section */

/* Begin PBXNativeTarget section */
		8B057581298E52C000A56C9A /* XCAChatGPTMac */ = {
			isa = PBXNativeTarget;
			buildConfigurationList = 8B057590298E52C000A56C9A /* Build configuration list for PBXNativeTarget "XCAChatGPTMac" */;
			buildPhases = (
				43507FEA7E1AAEDA98109E9A /* [CP] Check Pods Manifest.lock */,
				8B05757E298E52C000A56C9A /* Sources */,
				8B05757F298E52C000A56C9A /* Frameworks */,
				8B057580298E52C000A56C9A /* Resources */,
			);
			buildRules = (
			);
			dependencies = (
			);
			name = XCAChatGPTMac;
			productName = XCAChatGPTMac;
			productReference = 7A48E55E29FE56E60068362F /* XCAChatGPTMac.app */;
			productType = "com.apple.product-type.application";
		};
		8B0575EA298FA9D800A56C9A /* XCAChatGPTWatch */ = {
			isa = PBXNativeTarget;
			buildConfigurationList = 8B057604298FA9DA00A56C9A /* Build configuration list for PBXNativeTarget "XCAChatGPTWatch" */;
			buildPhases = (
				61E94D22D35D43EE6C954C3E /* [CP] Check Pods Manifest.lock */,
				8B0575E9298FA9D800A56C9A /* Resources */,
				8B057600298FA9DA00A56C9A /* Embed Watch Content */,
				0E150E18FA8DC3718678E0CE /* Frameworks */,
			);
			buildRules = (
			);
			dependencies = (
				8B0575F3298FA9D800A56C9A /* PBXTargetDependency */,
			);
			name = XCAChatGPTWatch;
			productName = XCAChatGPTWatch;
			productReference = 7A48E55F29FE56E60068362F /* XCAChatGPTWatch.app */;
			productType = "com.apple.product-type.application.watchapp2-container";
		};
		8B0575EF298FA9D800A56C9A /* XCAChatGPTWatch Watch App */ = {
			isa = PBXNativeTarget;
			buildConfigurationList = 8B057603298FA9DA00A56C9A /* Build configuration list for PBXNativeTarget "XCAChatGPTWatch Watch App" */;
			buildPhases = (
				E1DDAF79995F1D4DFAD3C859 /* [CP] Check Pods Manifest.lock */,
				8B0575EC298FA9D800A56C9A /* Sources */,
				8B0575ED298FA9D800A56C9A /* Frameworks */,
				8B0575EE298FA9D800A56C9A /* Resources */,
			);
			buildRules = (
			);
			dependencies = (
			);
			name = "XCAChatGPTWatch Watch App";
			productName = "XCAChatGPTWatch Watch App";
			productReference = 7A48E56029FE56E60068362F /* XCAChatGPTWatch Watch App.app */;
			productType = "com.apple.product-type.application";
		};
		8B057610298FBDB600A56C9A /* XCAChatGPTTV */ = {
			isa = PBXNativeTarget;
			buildConfigurationList = 8B05761C298FBDB700A56C9A /* Build configuration list for PBXNativeTarget "XCAChatGPTTV" */;
			buildPhases = (
				1D53932014AC520062FCF4D0 /* [CP] Check Pods Manifest.lock */,
				8B05760D298FBDB600A56C9A /* Sources */,
				8B05760E298FBDB600A56C9A /* Frameworks */,
				8B05760F298FBDB600A56C9A /* Resources */,
			);
			buildRules = (
			);
			dependencies = (
			);
			name = XCAChatGPTTV;
			productName = XCAChatGPTTV;
			productReference = 7A48E56129FE56E60068362F /* XCAChatGPTTV.app */;
			productType = "com.apple.product-type.application";
		};
		8B91BFFF298AD09E0079AF26 /* Puul */ = {
			isa = PBXNativeTarget;
			buildConfigurationList = 8B91C00E298AD09F0079AF26 /* Build configuration list for PBXNativeTarget "Puul" */;
			buildPhases = (
				706D29BB2C9E135835D37934 /* [CP] Check Pods Manifest.lock */,
				8B91BFFC298AD09E0079AF26 /* Sources */,
				8B91BFFD298AD09E0079AF26 /* Frameworks */,
				8B91BFFE298AD09E0079AF26 /* Resources */,
				61933FA92D74AA253DA28865 /* [CP] Embed Pods Frameworks */,
			);
			buildRules = (
			);
			dependencies = (
			);
			name = Puul;
			packageProductDependencies = (
				8B612E2929D68CE3008DF5AF /* GPTEncoder */,
			);
			productName = XCAChatGPT;
			productReference = 7A48E55D29FE56E60068362F /* Puul.app */;
			productType = "com.apple.product-type.application";
		};
/* End PBXNativeTarget section */

/* Begin PBXProject section */
		8B91BFF8298AD09E0079AF26 /* Project object */ = {
			isa = PBXProject;
			attributes = {
				BuildIndependentTargetsInParallel = 1;
				LastSwiftUpdateCheck = 1420;
				LastUpgradeCheck = 1430;
				TargetAttributes = {
					8B057581298E52C000A56C9A = {
						CreatedOnToolsVersion = 14.2;
					};
					8B0575EA298FA9D800A56C9A = {
						CreatedOnToolsVersion = 14.2;
					};
					8B0575EF298FA9D800A56C9A = {
						CreatedOnToolsVersion = 14.2;
					};
					8B057610298FBDB600A56C9A = {
						CreatedOnToolsVersion = 14.2;
					};
					8B91BFFF298AD09E0079AF26 = {
						CreatedOnToolsVersion = 14.2;
					};
				};
			};
			buildConfigurationList = 8B91BFFB298AD09E0079AF26 /* Build configuration list for PBXProject "XCAChatGPT" */;
			compatibilityVersion = "Xcode 14.0";
			developmentRegion = en;
			hasScannedForEncodings = 0;
			knownRegions = (
				en,
				Base,
			);
			mainGroup = 8B91BFF7298AD09E0079AF26;
			packageReferences = (
				8B612E2829D68CE3008DF5AF /* XCRemoteSwiftPackageReference "GPTEncoder" */,
			);
			productRefGroup = 8B91BFF7298AD09E0079AF26;
			projectDirPath = "";
			projectRoot = "";
			targets = (
				8B91BFFF298AD09E0079AF26 /* Puul */,
				8B057581298E52C000A56C9A /* XCAChatGPTMac */,
				8B0575EA298FA9D800A56C9A /* XCAChatGPTWatch */,
				8B0575EF298FA9D800A56C9A /* XCAChatGPTWatch Watch App */,
				8B057610298FBDB600A56C9A /* XCAChatGPTTV */,
			);
		};
/* End PBXProject section */

/* Begin PBXResourcesBuildPhase section */
		8B057580298E52C000A56C9A /* Resources */ = {
			isa = PBXResourcesBuildPhase;
			buildActionMask = 2147483647;
			files = (
				8B05758C298E52C000A56C9A /* Preview Assets.xcassets in Resources */,
				8B057589298E52C000A56C9A /* Assets.xcassets in Resources */,
			);
			runOnlyForDeploymentPostprocessing = 0;
		};
		8B0575E9298FA9D800A56C9A /* Resources */ = {
			isa = PBXResourcesBuildPhase;
			buildActionMask = 2147483647;
			files = (
			);
			runOnlyForDeploymentPostprocessing = 0;
		};
		8B0575EE298FA9D800A56C9A /* Resources */ = {
			isa = PBXResourcesBuildPhase;
			buildActionMask = 2147483647;
			files = (
				8B0575FD298FA9DA00A56C9A /* Preview Assets.xcassets in Resources */,
				8B0575FA298FA9DA00A56C9A /* Assets.xcassets in Resources */,
			);
			runOnlyForDeploymentPostprocessing = 0;
		};
		8B05760F298FBDB600A56C9A /* Resources */ = {
			isa = PBXResourcesBuildPhase;
			buildActionMask = 2147483647;
			files = (
				8B05761B298FBDB700A56C9A /* Preview Assets.xcassets in Resources */,
				8B057618298FBDB700A56C9A /* Assets.xcassets in Resources */,
			);
			runOnlyForDeploymentPostprocessing = 0;
		};
		8B91BFFE298AD09E0079AF26 /* Resources */ = {
			isa = PBXResourcesBuildPhase;
			buildActionMask = 2147483647;
			files = (
				8B91C00B298AD09F0079AF26 /* Preview Assets.xcassets in Resources */,
				8B91C008298AD09F0079AF26 /* Assets.xcassets in Resources */,
			);
			runOnlyForDeploymentPostprocessing = 0;
		};
/* End PBXResourcesBuildPhase section */

/* Begin PBXShellScriptBuildPhase section */
		1D53932014AC520062FCF4D0 /* [CP] Check Pods Manifest.lock */ = {
			isa = PBXShellScriptBuildPhase;
			buildActionMask = 2147483647;
			files = (
			);
			inputFileListPaths = (
			);
			inputPaths = (
				"${PODS_PODFILE_DIR_PATH}/Podfile.lock",
				"${PODS_ROOT}/Manifest.lock",
			);
			name = "[CP] Check Pods Manifest.lock";
			outputFileListPaths = (
			);
			outputPaths = (
				"$(DERIVED_FILE_DIR)/Pods-XCAChatGPTTV-checkManifestLockResult.txt",
			);
			runOnlyForDeploymentPostprocessing = 0;
			shellPath = /bin/sh;
			shellScript = "diff \"${PODS_PODFILE_DIR_PATH}/Podfile.lock\" \"${PODS_ROOT}/Manifest.lock\" > /dev/null\nif [ $? != 0 ] ; then\n    # print error to STDERR\n    echo \"error: The sandbox is not in sync with the Podfile.lock. Run 'pod install' or update your CocoaPods installation.\" >&2\n    exit 1\nfi\n# This output is used by Xcode 'outputs' to avoid re-running this script phase.\necho \"SUCCESS\" > \"${SCRIPT_OUTPUT_FILE_0}\"\n";
			showEnvVarsInLog = 0;
		};
		43507FEA7E1AAEDA98109E9A /* [CP] Check Pods Manifest.lock */ = {
			isa = PBXShellScriptBuildPhase;
			buildActionMask = 2147483647;
			files = (
			);
			inputFileListPaths = (
			);
			inputPaths = (
				"${PODS_PODFILE_DIR_PATH}/Podfile.lock",
				"${PODS_ROOT}/Manifest.lock",
			);
			name = "[CP] Check Pods Manifest.lock";
			outputFileListPaths = (
			);
			outputPaths = (
				"$(DERIVED_FILE_DIR)/Pods-XCAChatGPTMac-checkManifestLockResult.txt",
			);
			runOnlyForDeploymentPostprocessing = 0;
			shellPath = /bin/sh;
			shellScript = "diff \"${PODS_PODFILE_DIR_PATH}/Podfile.lock\" \"${PODS_ROOT}/Manifest.lock\" > /dev/null\nif [ $? != 0 ] ; then\n    # print error to STDERR\n    echo \"error: The sandbox is not in sync with the Podfile.lock. Run 'pod install' or update your CocoaPods installation.\" >&2\n    exit 1\nfi\n# This output is used by Xcode 'outputs' to avoid re-running this script phase.\necho \"SUCCESS\" > \"${SCRIPT_OUTPUT_FILE_0}\"\n";
			showEnvVarsInLog = 0;
		};
		61933FA92D74AA253DA28865 /* [CP] Embed Pods Frameworks */ = {
			isa = PBXShellScriptBuildPhase;
			buildActionMask = 2147483647;
			files = (
			);
			inputFileListPaths = (
				"${PODS_ROOT}/Target Support Files/Pods-Puul/Pods-Puul-frameworks-${CONFIGURATION}-input-files.xcfilelist",
			);
			name = "[CP] Embed Pods Frameworks";
			outputFileListPaths = (
				"${PODS_ROOT}/Target Support Files/Pods-Puul/Pods-Puul-frameworks-${CONFIGURATION}-output-files.xcfilelist",
			);
			runOnlyForDeploymentPostprocessing = 0;
			shellPath = /bin/sh;
			shellScript = "\"${PODS_ROOT}/Target Support Files/Pods-Puul/Pods-Puul-frameworks.sh\"\n";
			showEnvVarsInLog = 0;
		};
		61E94D22D35D43EE6C954C3E /* [CP] Check Pods Manifest.lock */ = {
			isa = PBXShellScriptBuildPhase;
			buildActionMask = 2147483647;
			files = (
			);
			inputFileListPaths = (
			);
			inputPaths = (
				"${PODS_PODFILE_DIR_PATH}/Podfile.lock",
				"${PODS_ROOT}/Manifest.lock",
			);
			name = "[CP] Check Pods Manifest.lock";
			outputFileListPaths = (
			);
			outputPaths = (
				"$(DERIVED_FILE_DIR)/Pods-XCAChatGPTWatch-checkManifestLockResult.txt",
			);
			runOnlyForDeploymentPostprocessing = 0;
			shellPath = /bin/sh;
			shellScript = "diff \"${PODS_PODFILE_DIR_PATH}/Podfile.lock\" \"${PODS_ROOT}/Manifest.lock\" > /dev/null\nif [ $? != 0 ] ; then\n    # print error to STDERR\n    echo \"error: The sandbox is not in sync with the Podfile.lock. Run 'pod install' or update your CocoaPods installation.\" >&2\n    exit 1\nfi\n# This output is used by Xcode 'outputs' to avoid re-running this script phase.\necho \"SUCCESS\" > \"${SCRIPT_OUTPUT_FILE_0}\"\n";
			showEnvVarsInLog = 0;
		};
		706D29BB2C9E135835D37934 /* [CP] Check Pods Manifest.lock */ = {
			isa = PBXShellScriptBuildPhase;
			buildActionMask = 2147483647;
			files = (
			);
			inputFileListPaths = (
			);
			inputPaths = (
				"${PODS_PODFILE_DIR_PATH}/Podfile.lock",
				"${PODS_ROOT}/Manifest.lock",
			);
			name = "[CP] Check Pods Manifest.lock";
			outputFileListPaths = (
			);
			outputPaths = (
				"$(DERIVED_FILE_DIR)/Pods-Puul-checkManifestLockResult.txt",
			);
			runOnlyForDeploymentPostprocessing = 0;
			shellPath = /bin/sh;
			shellScript = "diff \"${PODS_PODFILE_DIR_PATH}/Podfile.lock\" \"${PODS_ROOT}/Manifest.lock\" > /dev/null\nif [ $? != 0 ] ; then\n    # print error to STDERR\n    echo \"error: The sandbox is not in sync with the Podfile.lock. Run 'pod install' or update your CocoaPods installation.\" >&2\n    exit 1\nfi\n# This output is used by Xcode 'outputs' to avoid re-running this script phase.\necho \"SUCCESS\" > \"${SCRIPT_OUTPUT_FILE_0}\"\n";
			showEnvVarsInLog = 0;
		};
		E1DDAF79995F1D4DFAD3C859 /* [CP] Check Pods Manifest.lock */ = {
			isa = PBXShellScriptBuildPhase;
			buildActionMask = 2147483647;
			files = (
			);
			inputFileListPaths = (
			);
			inputPaths = (
				"${PODS_PODFILE_DIR_PATH}/Podfile.lock",
				"${PODS_ROOT}/Manifest.lock",
			);
			name = "[CP] Check Pods Manifest.lock";
			outputFileListPaths = (
			);
			outputPaths = (
				"$(DERIVED_FILE_DIR)/Pods-XCAChatGPTWatch Watch App-checkManifestLockResult.txt",
			);
			runOnlyForDeploymentPostprocessing = 0;
			shellPath = /bin/sh;
			shellScript = "diff \"${PODS_PODFILE_DIR_PATH}/Podfile.lock\" \"${PODS_ROOT}/Manifest.lock\" > /dev/null\nif [ $? != 0 ] ; then\n    # print error to STDERR\n    echo \"error: The sandbox is not in sync with the Podfile.lock. Run 'pod install' or update your CocoaPods installation.\" >&2\n    exit 1\nfi\n# This output is used by Xcode 'outputs' to avoid re-running this script phase.\necho \"SUCCESS\" > \"${SCRIPT_OUTPUT_FILE_0}\"\n";
			showEnvVarsInLog = 0;
		};
/* End PBXShellScriptBuildPhase section */

/* Begin PBXSourcesBuildPhase section */
		8B05757E298E52C000A56C9A /* Sources */ = {
			isa = PBXSourcesBuildPhase;
			buildActionMask = 2147483647;
			files = (
				7AD0C9E729F9BB7800C1989D /* HomeView.swift in Sources */,
				7A81C17A2A0AC3A4000496E3 /* BankAccountDetailsView.swift in Sources */,
				7A81C1752A049587000496E3 /* LinkController.swift in Sources */,
				7AD0C9EA29FB7D5F00C1989D /* AssetPickerView.swift in Sources */,
				7A81C1892A11C843000496E3 /* BrokerAccountDetailsView.swift in Sources */,
				8B057597298E52DD00A56C9A /* MessageRow.swift in Sources */,
				8B057593298E52D900A56C9A /* ChatGPTAPI.swift in Sources */,
				7A81C1612A006F61000496E3 /* CloudKit.swift in Sources */,
				7A81C1702A0216A5000496E3 /* PlaidAPIModels.swift in Sources */,
				7A81C1662A01BDA5000496E3 /* TempView.swift in Sources */,
				7A81C16B2A021077000496E3 /* PlaidAPI.swift in Sources */,
				8B82463529B1F49F0069B8F7 /* ChatGPTAPIModels.swift in Sources */,
				8B057594298E52D900A56C9A /* ContentView.swift in Sources */,
				8B057592298E52D900A56C9A /* DotLoadingView.swift in Sources */,
				8B057595298E52D900A56C9A /* MessageRowView.swift in Sources */,
				8B057585298E52C000A56C9A /* XCAChatGPTMacApp.swift in Sources */,
				7A81C17F2A1031F7000496E3 /* BankAccountsListView.swift in Sources */,
				8B057596298E52DD00A56C9A /* ViewModel.swift in Sources */,
				7A81C1842A11C58D000496E3 /* BrokerAccountsListView.swift in Sources */,
			);
			runOnlyForDeploymentPostprocessing = 0;
		};
		8B0575EC298FA9D800A56C9A /* Sources */ = {
			isa = PBXSourcesBuildPhase;
			buildActionMask = 2147483647;
			files = (
				7AD0C9E529F9BB5200C1989D /* HomeView.swift in Sources */,
				7A81C17B2A0AC3A4000496E3 /* BankAccountDetailsView.swift in Sources */,
				7A81C1762A049587000496E3 /* LinkController.swift in Sources */,
				7AD0C9EB29FB7D5F00C1989D /* AssetPickerView.swift in Sources */,
				7A81C18A2A11C843000496E3 /* BrokerAccountDetailsView.swift in Sources */,
				8B057608298FA9E900A56C9A /* DotLoadingView.swift in Sources */,
				8B057606298FA9E900A56C9A /* MessageRowView.swift in Sources */,
				7A81C1622A006F61000496E3 /* CloudKit.swift in Sources */,
				7A81C1712A0216A5000496E3 /* PlaidAPIModels.swift in Sources */,
				7A81C1672A01BDA5000496E3 /* TempView.swift in Sources */,
				7A81C16C2A021077000496E3 /* PlaidAPI.swift in Sources */,
				8B82463629B1F49F0069B8F7 /* ChatGPTAPIModels.swift in Sources */,
				8B057609298FA9E900A56C9A /* MessageRow.swift in Sources */,
				8B057605298FA9E900A56C9A /* ContentView.swift in Sources */,
				8B05760A298FA9E900A56C9A /* ChatGPTAPI.swift in Sources */,
				8B057607298FA9E900A56C9A /* ViewModel.swift in Sources */,
				7A81C1802A1031F7000496E3 /* BankAccountsListView.swift in Sources */,
				8B0575F6298FA9D800A56C9A /* XCAChatGPTWatchApp.swift in Sources */,
				7A81C1852A11C58D000496E3 /* BrokerAccountsListView.swift in Sources */,
			);
			runOnlyForDeploymentPostprocessing = 0;
		};
		8B05760D298FBDB600A56C9A /* Sources */ = {
			isa = PBXSourcesBuildPhase;
			buildActionMask = 2147483647;
			files = (
				7A81C1812A1031F7000496E3 /* BankAccountsListView.swift in Sources */,
				7A81C1682A01BDA5000496E3 /* TempView.swift in Sources */,
				7A81C1632A006F61000496E3 /* CloudKit.swift in Sources */,
				7A81C16D2A021077000496E3 /* PlaidAPI.swift in Sources */,
				7A81C18B2A11C843000496E3 /* BrokerAccountDetailsView.swift in Sources */,
				7AD0C9EC29FB7D5F00C1989D /* AssetPickerView.swift in Sources */,
				8B057621298FBE0400A56C9A /* MessageRow.swift in Sources */,
				8B057622298FBE0400A56C9A /* MessageRowView.swift in Sources */,
				7A81C1772A049587000496E3 /* LinkController.swift in Sources */,
				7A81C1722A0216A5000496E3 /* PlaidAPIModels.swift in Sources */,
				8B82463729B1F49F0069B8F7 /* ChatGPTAPIModels.swift in Sources */,
				7AD0C9E629F9BB5200C1989D /* HomeView.swift in Sources */,
				8B05761F298FBE0400A56C9A /* ChatGPTAPI.swift in Sources */,
				8B057623298FBE0400A56C9A /* DotLoadingView.swift in Sources */,
				8B057614298FBDB600A56C9A /* XCAChatGPTTVApp.swift in Sources */,
				8B05764829909A9200A56C9A /* ScrollView.swift in Sources */,
				8B057620298FBE0400A56C9A /* ContentView.swift in Sources */,
				8B057624298FBE0400A56C9A /* ViewModel.swift in Sources */,
				7A81C17C2A0AC3A4000496E3 /* BankAccountDetailsView.swift in Sources */,
				7A81C1862A11C58D000496E3 /* BrokerAccountsListView.swift in Sources */,
			);
			runOnlyForDeploymentPostprocessing = 0;
		};
		8B91BFFC298AD09E0079AF26 /* Sources */ = {
			isa = PBXSourcesBuildPhase;
			buildActionMask = 2147483647;
			files = (
				8B91C012298AD0CE0079AF26 /* ChatGPTAPI.swift in Sources */,
				7A81C1742A049587000496E3 /* LinkController.swift in Sources */,
				8B91C006298AD09E0079AF26 /* ContentView.swift in Sources */,
				8B612E2629D68CC9008DF5AF /* TokenizerView.swift in Sources */,
				7A81C17E2A1031F7000496E3 /* BankAccountsListView.swift in Sources */,
				8B612E2729D68CC9008DF5AF /* TokenizerViewModel.swift in Sources */,
				7A81C1602A006F61000496E3 /* CloudKit.swift in Sources */,
				8B82463429B1F49F0069B8F7 /* ChatGPTAPIModels.swift in Sources */,
				7AD0C9E929FB7D5F00C1989D /* AssetPickerView.swift in Sources */,
				8B91C014298ADC560079AF26 /* ViewModel.swift in Sources */,
				7A81C1882A11C843000496E3 /* BrokerAccountDetailsView.swift in Sources */,
				8B91C018298ADF4E0079AF26 /* DotLoadingView.swift in Sources */,
				7A81C1832A11C58D000496E3 /* BrokerAccountsListView.swift in Sources */,
				7A81C1652A01BDA5000496E3 /* TempView.swift in Sources */,
				7A81C16F2A0216A5000496E3 /* PlaidAPIModels.swift in Sources */,
				8B91C004298AD09E0079AF26 /* XCAChatGPTApp.swift in Sources */,
				8B612E2529D68CC9008DF5AF /* TextView.swift in Sources */,
				7A81C16A2A021077000496E3 /* PlaidAPI.swift in Sources */,
				7AD0C9E329F9BB5200C1989D /* HomeView.swift in Sources */,
				8B91C01A298ADF7F0079AF26 /* MessageRowView.swift in Sources */,
				7A81C1792A0AC3A4000496E3 /* BankAccountDetailsView.swift in Sources */,
				8B91C016298ADC9D0079AF26 /* MessageRow.swift in Sources */,
			);
			runOnlyForDeploymentPostprocessing = 0;
		};
/* End PBXSourcesBuildPhase section */

/* Begin PBXTargetDependency section */
		8B0575F3298FA9D800A56C9A /* PBXTargetDependency */ = {
			isa = PBXTargetDependency;
			target = 8B0575EF298FA9D800A56C9A /* XCAChatGPTWatch Watch App */;
			targetProxy = 8B0575F2298FA9D800A56C9A /* PBXContainerItemProxy */;
		};
/* End PBXTargetDependency section */

/* Begin XCBuildConfiguration section */
		8B05758E298E52C000A56C9A /* Debug */ = {
			isa = XCBuildConfiguration;
			baseConfigurationReference = 514D384B6044FC93E22F55CD /* Pods-XCAChatGPTMac.debug.xcconfig */;
			buildSettings = {
				ASSETCATALOG_COMPILER_APPICON_NAME = AppIcon;
				ASSETCATALOG_COMPILER_GLOBAL_ACCENT_COLOR_NAME = AccentColor;
				CODE_SIGN_ENTITLEMENTS = XCAChatGPTMac/XCAChatGPTMac.entitlements;
				CODE_SIGN_STYLE = Automatic;
				COMBINE_HIDPI_IMAGES = YES;
				CURRENT_PROJECT_VERSION = 1;
				DEAD_CODE_STRIPPING = YES;
				DEVELOPMENT_ASSET_PATHS = "\"XCAChatGPTMac/Preview Content\"";
				DEVELOPMENT_TEAM = 3Y2Y4CJNN6;
				ENABLE_HARDENED_RUNTIME = YES;
				ENABLE_PREVIEWS = YES;
				GENERATE_INFOPLIST_FILE = YES;
				INFOPLIST_KEY_NSHumanReadableCopyright = "";
				LD_RUNPATH_SEARCH_PATHS = (
					"$(inherited)",
					"@executable_path/../Frameworks",
				);
				MACOSX_DEPLOYMENT_TARGET = 13.1;
				MARKETING_VERSION = 1.0;
				PRODUCT_BUNDLE_IDENTIFIER = com.alfianlosari.XCAChatGPTMac;
				PRODUCT_NAME = "$(TARGET_NAME)";
				SDKROOT = macosx;
				SWIFT_EMIT_LOC_STRINGS = YES;
				SWIFT_VERSION = 5.0;
			};
			name = Debug;
		};
		8B05758F298E52C000A56C9A /* Release */ = {
			isa = XCBuildConfiguration;
			baseConfigurationReference = FFA60A31EB3A88A770803D73 /* Pods-XCAChatGPTMac.release.xcconfig */;
			buildSettings = {
				ASSETCATALOG_COMPILER_APPICON_NAME = AppIcon;
				ASSETCATALOG_COMPILER_GLOBAL_ACCENT_COLOR_NAME = AccentColor;
				CODE_SIGN_ENTITLEMENTS = XCAChatGPTMac/XCAChatGPTMac.entitlements;
				CODE_SIGN_STYLE = Automatic;
				COMBINE_HIDPI_IMAGES = YES;
				CURRENT_PROJECT_VERSION = 1;
				DEAD_CODE_STRIPPING = YES;
				DEVELOPMENT_ASSET_PATHS = "\"XCAChatGPTMac/Preview Content\"";
				DEVELOPMENT_TEAM = 3Y2Y4CJNN6;
				ENABLE_HARDENED_RUNTIME = YES;
				ENABLE_PREVIEWS = YES;
				GENERATE_INFOPLIST_FILE = YES;
				INFOPLIST_KEY_NSHumanReadableCopyright = "";
				LD_RUNPATH_SEARCH_PATHS = (
					"$(inherited)",
					"@executable_path/../Frameworks",
				);
				MACOSX_DEPLOYMENT_TARGET = 13.1;
				MARKETING_VERSION = 1.0;
				PRODUCT_BUNDLE_IDENTIFIER = com.alfianlosari.XCAChatGPTMac;
				PRODUCT_NAME = "$(TARGET_NAME)";
				SDKROOT = macosx;
				SWIFT_EMIT_LOC_STRINGS = YES;
				SWIFT_VERSION = 5.0;
			};
			name = Release;
		};
		8B0575FE298FA9DA00A56C9A /* Debug */ = {
			isa = XCBuildConfiguration;
			baseConfigurationReference = A3B798F510E42DA9B0CFAC2A /* Pods-XCAChatGPTWatch.debug.xcconfig */;
			buildSettings = {
				ALWAYS_EMBED_SWIFT_STANDARD_LIBRARIES = YES;
				CODE_SIGN_STYLE = Automatic;
				CURRENT_PROJECT_VERSION = 1;
				DEVELOPMENT_TEAM = 5C2XD9H2JS;
				INFOPLIST_KEY_CFBundleDisplayName = XCAChatGPTWatch;
				MARKETING_VERSION = 1.0;
				PRODUCT_BUNDLE_IDENTIFIER = com.alfianlosari.XCAChatGPTWatch;
				PRODUCT_NAME = "$(TARGET_NAME)";
				SWIFT_VERSION = 5.0;
			};
			name = Debug;
		};
		8B0575FF298FA9DA00A56C9A /* Release */ = {
			isa = XCBuildConfiguration;
			baseConfigurationReference = BA08AD06927A1FB0D2D03CC5 /* Pods-XCAChatGPTWatch.release.xcconfig */;
			buildSettings = {
				ALWAYS_EMBED_SWIFT_STANDARD_LIBRARIES = YES;
				CODE_SIGN_STYLE = Automatic;
				CURRENT_PROJECT_VERSION = 1;
				DEVELOPMENT_TEAM = 5C2XD9H2JS;
				INFOPLIST_KEY_CFBundleDisplayName = XCAChatGPTWatch;
				MARKETING_VERSION = 1.0;
				PRODUCT_BUNDLE_IDENTIFIER = com.alfianlosari.XCAChatGPTWatch;
				PRODUCT_NAME = "$(TARGET_NAME)";
				SWIFT_VERSION = 5.0;
			};
			name = Release;
		};
		8B057601298FA9DA00A56C9A /* Debug */ = {
			isa = XCBuildConfiguration;
			baseConfigurationReference = 0ABF659EC0DE4AED124D9ADD /* Pods-XCAChatGPTWatch Watch App.debug.xcconfig */;
			buildSettings = {
				ASSETCATALOG_COMPILER_APPICON_NAME = AppIcon;
				ASSETCATALOG_COMPILER_GLOBAL_ACCENT_COLOR_NAME = AccentColor;
				CODE_SIGN_STYLE = Automatic;
				CURRENT_PROJECT_VERSION = 1;
				DEVELOPMENT_ASSET_PATHS = "\"XCAChatGPTWatch Watch App/Preview Content\"";
				DEVELOPMENT_TEAM = 5C2XD9H2JS;
				ENABLE_PREVIEWS = YES;
				GENERATE_INFOPLIST_FILE = YES;
				INFOPLIST_KEY_CFBundleDisplayName = XCAChatGPTWatch;
				INFOPLIST_KEY_UISupportedInterfaceOrientations = "UIInterfaceOrientationPortrait UIInterfaceOrientationPortraitUpsideDown";
				INFOPLIST_KEY_WKWatchOnly = YES;
				LD_RUNPATH_SEARCH_PATHS = (
					"$(inherited)",
					"@executable_path/Frameworks",
				);
				MARKETING_VERSION = 1.0;
				PRODUCT_BUNDLE_IDENTIFIER = com.alfianlosari.XCAChatGPTWatch.watchkitapp;
				PRODUCT_NAME = "$(TARGET_NAME)";
				SDKROOT = watchos;
				SKIP_INSTALL = YES;
				SWIFT_EMIT_LOC_STRINGS = YES;
				SWIFT_VERSION = 5.0;
				TARGETED_DEVICE_FAMILY = 4;
				WATCHOS_DEPLOYMENT_TARGET = 9.1;
			};
			name = Debug;
		};
		8B057602298FA9DA00A56C9A /* Release */ = {
			isa = XCBuildConfiguration;
			baseConfigurationReference = 8EF3798C9BF48FEFDF559FA6 /* Pods-XCAChatGPTWatch Watch App.release.xcconfig */;
			buildSettings = {
				ASSETCATALOG_COMPILER_APPICON_NAME = AppIcon;
				ASSETCATALOG_COMPILER_GLOBAL_ACCENT_COLOR_NAME = AccentColor;
				CODE_SIGN_STYLE = Automatic;
				CURRENT_PROJECT_VERSION = 1;
				DEVELOPMENT_ASSET_PATHS = "\"XCAChatGPTWatch Watch App/Preview Content\"";
				DEVELOPMENT_TEAM = 5C2XD9H2JS;
				ENABLE_PREVIEWS = YES;
				GENERATE_INFOPLIST_FILE = YES;
				INFOPLIST_KEY_CFBundleDisplayName = XCAChatGPTWatch;
				INFOPLIST_KEY_UISupportedInterfaceOrientations = "UIInterfaceOrientationPortrait UIInterfaceOrientationPortraitUpsideDown";
				INFOPLIST_KEY_WKWatchOnly = YES;
				LD_RUNPATH_SEARCH_PATHS = (
					"$(inherited)",
					"@executable_path/Frameworks",
				);
				MARKETING_VERSION = 1.0;
				PRODUCT_BUNDLE_IDENTIFIER = com.alfianlosari.XCAChatGPTWatch.watchkitapp;
				PRODUCT_NAME = "$(TARGET_NAME)";
				SDKROOT = watchos;
				SKIP_INSTALL = YES;
				SWIFT_EMIT_LOC_STRINGS = YES;
				SWIFT_VERSION = 5.0;
				TARGETED_DEVICE_FAMILY = 4;
				WATCHOS_DEPLOYMENT_TARGET = 9.1;
			};
			name = Release;
		};
		8B05761D298FBDB700A56C9A /* Debug */ = {
			isa = XCBuildConfiguration;
			baseConfigurationReference = F11DADB9EBB1B9FBA57B33AE /* Pods-XCAChatGPTTV.debug.xcconfig */;
			buildSettings = {
				ASSETCATALOG_COMPILER_APPICON_NAME = "App Icon & Top Shelf Image";
				ASSETCATALOG_COMPILER_GLOBAL_ACCENT_COLOR_NAME = AccentColor;
				CODE_SIGN_STYLE = Automatic;
				CURRENT_PROJECT_VERSION = 1;
				DEVELOPMENT_ASSET_PATHS = "\"XCAChatGPTTV/Preview Content\"";
				DEVELOPMENT_TEAM = 5C2XD9H2JS;
				ENABLE_PREVIEWS = YES;
				GENERATE_INFOPLIST_FILE = YES;
				INFOPLIST_KEY_UILaunchScreen_Generation = YES;
				INFOPLIST_KEY_UIUserInterfaceStyle = Automatic;
				LD_RUNPATH_SEARCH_PATHS = (
					"$(inherited)",
					"@executable_path/Frameworks",
				);
				MARKETING_VERSION = 1.0;
				PRODUCT_BUNDLE_IDENTIFIER = com.alfianlosari.XCAChatGPTTV;
				PRODUCT_NAME = "$(TARGET_NAME)";
				SDKROOT = appletvos;
				SWIFT_EMIT_LOC_STRINGS = YES;
				SWIFT_VERSION = 5.0;
				TARGETED_DEVICE_FAMILY = 3;
				TVOS_DEPLOYMENT_TARGET = 16.1;
			};
			name = Debug;
		};
		8B05761E298FBDB700A56C9A /* Release */ = {
			isa = XCBuildConfiguration;
			baseConfigurationReference = F95B674D9848FE7751419CB0 /* Pods-XCAChatGPTTV.release.xcconfig */;
			buildSettings = {
				ASSETCATALOG_COMPILER_APPICON_NAME = "App Icon & Top Shelf Image";
				ASSETCATALOG_COMPILER_GLOBAL_ACCENT_COLOR_NAME = AccentColor;
				CODE_SIGN_STYLE = Automatic;
				CURRENT_PROJECT_VERSION = 1;
				DEVELOPMENT_ASSET_PATHS = "\"XCAChatGPTTV/Preview Content\"";
				DEVELOPMENT_TEAM = 5C2XD9H2JS;
				ENABLE_PREVIEWS = YES;
				GENERATE_INFOPLIST_FILE = YES;
				INFOPLIST_KEY_UILaunchScreen_Generation = YES;
				INFOPLIST_KEY_UIUserInterfaceStyle = Automatic;
				LD_RUNPATH_SEARCH_PATHS = (
					"$(inherited)",
					"@executable_path/Frameworks",
				);
				MARKETING_VERSION = 1.0;
				PRODUCT_BUNDLE_IDENTIFIER = com.alfianlosari.XCAChatGPTTV;
				PRODUCT_NAME = "$(TARGET_NAME)";
				SDKROOT = appletvos;
				SWIFT_EMIT_LOC_STRINGS = YES;
				SWIFT_VERSION = 5.0;
				TARGETED_DEVICE_FAMILY = 3;
				TVOS_DEPLOYMENT_TARGET = 16.1;
			};
			name = Release;
		};
		8B91C00C298AD09F0079AF26 /* Debug */ = {
			isa = XCBuildConfiguration;
			buildSettings = {
				ALWAYS_SEARCH_USER_PATHS = NO;
				CLANG_ANALYZER_NONNULL = YES;
				CLANG_ANALYZER_NUMBER_OBJECT_CONVERSION = YES_AGGRESSIVE;
				CLANG_CXX_LANGUAGE_STANDARD = "gnu++20";
				CLANG_ENABLE_MODULES = YES;
				CLANG_ENABLE_OBJC_ARC = YES;
				CLANG_ENABLE_OBJC_WEAK = YES;
				CLANG_WARN_BLOCK_CAPTURE_AUTORELEASING = YES;
				CLANG_WARN_BOOL_CONVERSION = YES;
				CLANG_WARN_COMMA = YES;
				CLANG_WARN_CONSTANT_CONVERSION = YES;
				CLANG_WARN_DEPRECATED_OBJC_IMPLEMENTATIONS = YES;
				CLANG_WARN_DIRECT_OBJC_ISA_USAGE = YES_ERROR;
				CLANG_WARN_DOCUMENTATION_COMMENTS = YES;
				CLANG_WARN_EMPTY_BODY = YES;
				CLANG_WARN_ENUM_CONVERSION = YES;
				CLANG_WARN_INFINITE_RECURSION = YES;
				CLANG_WARN_INT_CONVERSION = YES;
				CLANG_WARN_NON_LITERAL_NULL_CONVERSION = YES;
				CLANG_WARN_OBJC_IMPLICIT_RETAIN_SELF = YES;
				CLANG_WARN_OBJC_LITERAL_CONVERSION = YES;
				CLANG_WARN_OBJC_ROOT_CLASS = YES_ERROR;
				CLANG_WARN_QUOTED_INCLUDE_IN_FRAMEWORK_HEADER = YES;
				CLANG_WARN_RANGE_LOOP_ANALYSIS = YES;
				CLANG_WARN_STRICT_PROTOTYPES = YES;
				CLANG_WARN_SUSPICIOUS_MOVE = YES;
				CLANG_WARN_UNGUARDED_AVAILABILITY = YES_AGGRESSIVE;
				CLANG_WARN_UNREACHABLE_CODE = YES;
				CLANG_WARN__DUPLICATE_METHOD_MATCH = YES;
				COPY_PHASE_STRIP = NO;
				DEBUG_INFORMATION_FORMAT = dwarf;
				ENABLE_STRICT_OBJC_MSGSEND = YES;
				ENABLE_TESTABILITY = YES;
				GCC_C_LANGUAGE_STANDARD = gnu11;
				GCC_DYNAMIC_NO_PIC = NO;
				GCC_NO_COMMON_BLOCKS = YES;
				GCC_OPTIMIZATION_LEVEL = 0;
				GCC_PREPROCESSOR_DEFINITIONS = (
					"DEBUG=1",
					"$(inherited)",
				);
				GCC_WARN_64_TO_32_BIT_CONVERSION = YES;
				GCC_WARN_ABOUT_RETURN_TYPE = YES_ERROR;
				GCC_WARN_UNDECLARED_SELECTOR = YES;
				GCC_WARN_UNINITIALIZED_AUTOS = YES_AGGRESSIVE;
				GCC_WARN_UNUSED_FUNCTION = YES;
				GCC_WARN_UNUSED_VARIABLE = YES;
				IPHONEOS_DEPLOYMENT_TARGET = 16.2;
				MTL_ENABLE_DEBUG_INFO = INCLUDE_SOURCE;
				MTL_FAST_MATH = YES;
				ONLY_ACTIVE_ARCH = YES;
				SDKROOT = iphoneos;
				SWIFT_ACTIVE_COMPILATION_CONDITIONS = DEBUG;
				SWIFT_OPTIMIZATION_LEVEL = "-Onone";
			};
			name = Debug;
		};
		8B91C00D298AD09F0079AF26 /* Release */ = {
			isa = XCBuildConfiguration;
			buildSettings = {
				ALWAYS_SEARCH_USER_PATHS = NO;
				CLANG_ANALYZER_NONNULL = YES;
				CLANG_ANALYZER_NUMBER_OBJECT_CONVERSION = YES_AGGRESSIVE;
				CLANG_CXX_LANGUAGE_STANDARD = "gnu++20";
				CLANG_ENABLE_MODULES = YES;
				CLANG_ENABLE_OBJC_ARC = YES;
				CLANG_ENABLE_OBJC_WEAK = YES;
				CLANG_WARN_BLOCK_CAPTURE_AUTORELEASING = YES;
				CLANG_WARN_BOOL_CONVERSION = YES;
				CLANG_WARN_COMMA = YES;
				CLANG_WARN_CONSTANT_CONVERSION = YES;
				CLANG_WARN_DEPRECATED_OBJC_IMPLEMENTATIONS = YES;
				CLANG_WARN_DIRECT_OBJC_ISA_USAGE = YES_ERROR;
				CLANG_WARN_DOCUMENTATION_COMMENTS = YES;
				CLANG_WARN_EMPTY_BODY = YES;
				CLANG_WARN_ENUM_CONVERSION = YES;
				CLANG_WARN_INFINITE_RECURSION = YES;
				CLANG_WARN_INT_CONVERSION = YES;
				CLANG_WARN_NON_LITERAL_NULL_CONVERSION = YES;
				CLANG_WARN_OBJC_IMPLICIT_RETAIN_SELF = YES;
				CLANG_WARN_OBJC_LITERAL_CONVERSION = YES;
				CLANG_WARN_OBJC_ROOT_CLASS = YES_ERROR;
				CLANG_WARN_QUOTED_INCLUDE_IN_FRAMEWORK_HEADER = YES;
				CLANG_WARN_RANGE_LOOP_ANALYSIS = YES;
				CLANG_WARN_STRICT_PROTOTYPES = YES;
				CLANG_WARN_SUSPICIOUS_MOVE = YES;
				CLANG_WARN_UNGUARDED_AVAILABILITY = YES_AGGRESSIVE;
				CLANG_WARN_UNREACHABLE_CODE = YES;
				CLANG_WARN__DUPLICATE_METHOD_MATCH = YES;
				COPY_PHASE_STRIP = NO;
				DEBUG_INFORMATION_FORMAT = "dwarf-with-dsym";
				ENABLE_NS_ASSERTIONS = NO;
				ENABLE_STRICT_OBJC_MSGSEND = YES;
				GCC_C_LANGUAGE_STANDARD = gnu11;
				GCC_NO_COMMON_BLOCKS = YES;
				GCC_WARN_64_TO_32_BIT_CONVERSION = YES;
				GCC_WARN_ABOUT_RETURN_TYPE = YES_ERROR;
				GCC_WARN_UNDECLARED_SELECTOR = YES;
				GCC_WARN_UNINITIALIZED_AUTOS = YES_AGGRESSIVE;
				GCC_WARN_UNUSED_FUNCTION = YES;
				GCC_WARN_UNUSED_VARIABLE = YES;
				IPHONEOS_DEPLOYMENT_TARGET = 16.2;
				MTL_ENABLE_DEBUG_INFO = NO;
				MTL_FAST_MATH = YES;
				SDKROOT = iphoneos;
				SWIFT_COMPILATION_MODE = wholemodule;
				SWIFT_OPTIMIZATION_LEVEL = "-O";
				VALIDATE_PRODUCT = YES;
			};
			name = Release;
		};
		8B91C00F298AD09F0079AF26 /* Debug */ = {
			isa = XCBuildConfiguration;
			baseConfigurationReference = F51DEE65651EDBA363225103 /* Pods-Puul.debug.xcconfig */;
			buildSettings = {
				ASSETCATALOG_COMPILER_APPICON_NAME = AppIcon;
				ASSETCATALOG_COMPILER_GLOBAL_ACCENT_COLOR_NAME = AccentColor;
				CODE_SIGN_ENTITLEMENTS = XCAChatGPT/XCAChatGPT.entitlements;
				CODE_SIGN_IDENTITY = "Apple Development";
				CODE_SIGN_STYLE = Automatic;
				CURRENT_PROJECT_VERSION = 1;
				DEVELOPMENT_ASSET_PATHS = "\"XCAChatGPT/Preview Content\"";
				DEVELOPMENT_TEAM = 3Y2Y4CJNN6;
				ENABLE_PREVIEWS = YES;
				GENERATE_INFOPLIST_FILE = YES;
				INFOPLIST_KEY_UIApplicationSceneManifest_Generation = YES;
				INFOPLIST_KEY_UIApplicationSupportsIndirectInputEvents = YES;
				INFOPLIST_KEY_UILaunchScreen_Generation = YES;
				INFOPLIST_KEY_UISupportedInterfaceOrientations = UIInterfaceOrientationPortrait;
				INFOPLIST_KEY_UISupportedInterfaceOrientations_iPad = "UIInterfaceOrientationLandscapeLeft UIInterfaceOrientationLandscapeRight UIInterfaceOrientationPortrait UIInterfaceOrientationPortraitUpsideDown";
				LD_RUNPATH_SEARCH_PATHS = (
					"$(inherited)",
					"@executable_path/Frameworks",
				);
				MARKETING_VERSION = 1.0;
				PRODUCT_BUNDLE_IDENTIFIER = com.puul.ai;
				PRODUCT_NAME = "$(TARGET_NAME)";
				PROVISIONING_PROFILE_SPECIFIER = "";
				SWIFT_EMIT_LOC_STRINGS = YES;
				SWIFT_VERSION = 5.0;
				TARGETED_DEVICE_FAMILY = "1,2";
			};
			name = Debug;
		};
		8B91C010298AD09F0079AF26 /* Release */ = {
			isa = XCBuildConfiguration;
			baseConfigurationReference = 5C990DF89AACBA6EC5733429 /* Pods-Puul.release.xcconfig */;
			buildSettings = {
				ASSETCATALOG_COMPILER_APPICON_NAME = AppIcon;
				ASSETCATALOG_COMPILER_GLOBAL_ACCENT_COLOR_NAME = AccentColor;
				CODE_SIGN_ENTITLEMENTS = XCAChatGPT/XCAChatGPT.entitlements;
				CODE_SIGN_IDENTITY = "Apple Development";
				CODE_SIGN_STYLE = Automatic;
				CURRENT_PROJECT_VERSION = 1;
				DEVELOPMENT_ASSET_PATHS = "\"XCAChatGPT/Preview Content\"";
				DEVELOPMENT_TEAM = 3Y2Y4CJNN6;
				ENABLE_PREVIEWS = YES;
				GENERATE_INFOPLIST_FILE = YES;
				INFOPLIST_KEY_UIApplicationSceneManifest_Generation = YES;
				INFOPLIST_KEY_UIApplicationSupportsIndirectInputEvents = YES;
				INFOPLIST_KEY_UILaunchScreen_Generation = YES;
				INFOPLIST_KEY_UISupportedInterfaceOrientations = UIInterfaceOrientationPortrait;
				INFOPLIST_KEY_UISupportedInterfaceOrientations_iPad = "UIInterfaceOrientationLandscapeLeft UIInterfaceOrientationLandscapeRight UIInterfaceOrientationPortrait UIInterfaceOrientationPortraitUpsideDown";
				LD_RUNPATH_SEARCH_PATHS = (
					"$(inherited)",
					"@executable_path/Frameworks",
				);
				MARKETING_VERSION = 1.0;
				PRODUCT_BUNDLE_IDENTIFIER = com.puul.ai;
				PRODUCT_NAME = "$(TARGET_NAME)";
				PROVISIONING_PROFILE_SPECIFIER = "";
				SWIFT_EMIT_LOC_STRINGS = YES;
				SWIFT_VERSION = 5.0;
				TARGETED_DEVICE_FAMILY = "1,2";
			};
			name = Release;
		};
/* End XCBuildConfiguration section */

/* Begin XCConfigurationList section */
		8B057590298E52C000A56C9A /* Build configuration list for PBXNativeTarget "XCAChatGPTMac" */ = {
			isa = XCConfigurationList;
			buildConfigurations = (
				8B05758E298E52C000A56C9A /* Debug */,
				8B05758F298E52C000A56C9A /* Release */,
			);
			defaultConfigurationIsVisible = 0;
			defaultConfigurationName = Release;
		};
		8B057603298FA9DA00A56C9A /* Build configuration list for PBXNativeTarget "XCAChatGPTWatch Watch App" */ = {
			isa = XCConfigurationList;
			buildConfigurations = (
				8B057601298FA9DA00A56C9A /* Debug */,
				8B057602298FA9DA00A56C9A /* Release */,
			);
			defaultConfigurationIsVisible = 0;
			defaultConfigurationName = Release;
		};
		8B057604298FA9DA00A56C9A /* Build configuration list for PBXNativeTarget "XCAChatGPTWatch" */ = {
			isa = XCConfigurationList;
			buildConfigurations = (
				8B0575FE298FA9DA00A56C9A /* Debug */,
				8B0575FF298FA9DA00A56C9A /* Release */,
			);
			defaultConfigurationIsVisible = 0;
			defaultConfigurationName = Release;
		};
		8B05761C298FBDB700A56C9A /* Build configuration list for PBXNativeTarget "XCAChatGPTTV" */ = {
			isa = XCConfigurationList;
			buildConfigurations = (
				8B05761D298FBDB700A56C9A /* Debug */,
				8B05761E298FBDB700A56C9A /* Release */,
			);
			defaultConfigurationIsVisible = 0;
			defaultConfigurationName = Release;
		};
		8B91BFFB298AD09E0079AF26 /* Build configuration list for PBXProject "XCAChatGPT" */ = {
			isa = XCConfigurationList;
			buildConfigurations = (
				8B91C00C298AD09F0079AF26 /* Debug */,
				8B91C00D298AD09F0079AF26 /* Release */,
			);
			defaultConfigurationIsVisible = 0;
			defaultConfigurationName = Release;
		};
		8B91C00E298AD09F0079AF26 /* Build configuration list for PBXNativeTarget "Puul" */ = {
			isa = XCConfigurationList;
			buildConfigurations = (
				8B91C00F298AD09F0079AF26 /* Debug */,
				8B91C010298AD09F0079AF26 /* Release */,
			);
			defaultConfigurationIsVisible = 0;
			defaultConfigurationName = Release;
		};
/* End XCConfigurationList section */

/* Begin XCRemoteSwiftPackageReference section */
		8B612E2829D68CE3008DF5AF /* XCRemoteSwiftPackageReference "GPTEncoder" */ = {
			isa = XCRemoteSwiftPackageReference;
			repositoryURL = "https://github.com/alfianlosari/GPTEncoder.git";
			requirement = {
				kind = upToNextMajorVersion;
				minimumVersion = 1.0.0;
			};
		};
/* End XCRemoteSwiftPackageReference section */

/* Begin XCSwiftPackageProductDependency section */
		8B612E2929D68CE3008DF5AF /* GPTEncoder */ = {
			isa = XCSwiftPackageProductDependency;
			package = 8B612E2829D68CE3008DF5AF /* XCRemoteSwiftPackageReference "GPTEncoder" */;
			productName = GPTEncoder;
		};
/* End XCSwiftPackageProductDependency section */
	};
	rootObject = 8B91BFF8298AD09E0079AF26 /* Project object */;
}
