// !$*UTF8*$!
{
	archiveVersion = 1;
	classes = {
	};
	objectVersion = 56;
	objects = {

/* Begin PBXBuildFile section */
		7A4B73E62A267E1C0064800C /* StoreKit.swift in Sources */ = {isa = PBXBuildFile; fileRef = 7A4B73E52A267E1C0064800C /* StoreKit.swift */; };
		7A4B73EB2A267F900064800C /* SubscriptionView.swift in Sources */ = {isa = PBXBuildFile; fileRef = 7A4B73EA2A267F900064800C /* SubscriptionView.swift */; };
		7A4B73F02A26C17F0064800C /* ChatInfoView.swift in Sources */ = {isa = PBXBuildFile; fileRef = 7A4B73EF2A26C17F0064800C /* ChatInfoView.swift */; };
		7A4B73F52A29B5BC0064800C /* AccountView.swift in Sources */ = {isa = PBXBuildFile; fileRef = 7A4B73F42A29B5BC0064800C /* AccountView.swift */; };
		7A4B73FA2A2A84900064800C /* AppInfoView.swift in Sources */ = {isa = PBXBuildFile; fileRef = 7A4B73F92A2A84900064800C /* AppInfoView.swift */; };
		7A4B73FF2A2ADBC50064800C /* AppModel.swift in Sources */ = {isa = PBXBuildFile; fileRef = 7A4B73FE2A2ADBC50064800C /* AppModel.swift */; };
		7A4B74042A367F5B0064800C /* LogoView.swift in Sources */ = {isa = PBXBuildFile; fileRef = 7A4B74032A367F5B0064800C /* LogoView.swift */; };
		7A7BDC112A457EC400AC5F6B /* StoreKit.framework in Frameworks */ = {isa = PBXBuildFile; fileRef = 7A7BDC102A457EC400AC5F6B /* StoreKit.framework */; };
		7A7BDC132A53F45500AC5F6B /* WelcomeView.swift in Sources */ = {isa = PBXBuildFile; fileRef = 7A7BDC122A53F45500AC5F6B /* WelcomeView.swift */; };
		7A81C1652A01BDA5000496E3 /* TempView.swift in Sources */ = {isa = PBXBuildFile; fileRef = 7A81C1642A01BDA5000496E3 /* TempView.swift */; };
		7A81C16A2A021077000496E3 /* PlaidLinkFlowView.swift in Sources */ = {isa = PBXBuildFile; fileRef = 7A81C1692A021077000496E3 /* PlaidLinkFlowView.swift */; };
		7A81C16F2A0216A5000496E3 /* PlaidAPIModels.swift in Sources */ = {isa = PBXBuildFile; fileRef = 7A81C16E2A0216A5000496E3 /* PlaidAPIModels.swift */; };
		7A81C1742A049587000496E3 /* LinkController.swift in Sources */ = {isa = PBXBuildFile; fileRef = 7A81C1732A049587000496E3 /* LinkController.swift */; };
		7A81C1792A0AC3A4000496E3 /* BankAccountDetailsView.swift in Sources */ = {isa = PBXBuildFile; fileRef = 7A81C1782A0AC3A4000496E3 /* BankAccountDetailsView.swift */; };
		7A81C17E2A1031F7000496E3 /* BankAccountsListView.swift in Sources */ = {isa = PBXBuildFile; fileRef = 7A81C17D2A1031F7000496E3 /* BankAccountsListView.swift */; };
		7A81C1832A11C58D000496E3 /* BrokerAccountsListView.swift in Sources */ = {isa = PBXBuildFile; fileRef = 7A81C1822A11C58D000496E3 /* BrokerAccountsListView.swift */; };
		7A81C1882A11C843000496E3 /* BrokerAccountDetailsView.swift in Sources */ = {isa = PBXBuildFile; fileRef = 7A81C1872A11C843000496E3 /* BrokerAccountDetailsView.swift */; };
		7AD0C9E329F9BB5200C1989D /* HomeView.swift in Sources */ = {isa = PBXBuildFile; fileRef = 7AD0C9E229F9BB5200C1989D /* HomeView.swift */; };
		7AD2A1B42A411E2000E824A5 /* PropertiesListView.swift in Sources */ = {isa = PBXBuildFile; fileRef = 7AD2A1B32A411E2000E824A5 /* PropertiesListView.swift */; };
		8B612E2A29D68CE3008DF5AF /* GPTEncoder in Frameworks */ = {isa = PBXBuildFile; productRef = 8B612E2929D68CE3008DF5AF /* GPTEncoder */; };
		8B82463429B1F49F0069B8F7 /* ChatGPTAPIModels.swift in Sources */ = {isa = PBXBuildFile; fileRef = 8B82463329B1F49F0069B8F7 /* ChatGPTAPIModels.swift */; };
		8B91C004298AD09E0079AF26 /* PuulApp.swift in Sources */ = {isa = PBXBuildFile; fileRef = 8B91C003298AD09E0079AF26 /* PuulApp.swift */; };
		8B91C006298AD09E0079AF26 /* ChatView.swift in Sources */ = {isa = PBXBuildFile; fileRef = 8B91C005298AD09E0079AF26 /* ChatView.swift */; };
		8B91C008298AD09F0079AF26 /* Assets.xcassets in Resources */ = {isa = PBXBuildFile; fileRef = 8B91C007298AD09F0079AF26 /* Assets.xcassets */; };
		8B91C012298AD0CE0079AF26 /* ChatGPTAPI.swift in Sources */ = {isa = PBXBuildFile; fileRef = 8B91C011298AD0CE0079AF26 /* ChatGPTAPI.swift */; };
		8B91C014298ADC560079AF26 /* ChatViewModel.swift in Sources */ = {isa = PBXBuildFile; fileRef = 8B91C013298ADC560079AF26 /* ChatViewModel.swift */; };
		8B91C016298ADC9D0079AF26 /* MessageRow.swift in Sources */ = {isa = PBXBuildFile; fileRef = 8B91C015298ADC9D0079AF26 /* MessageRow.swift */; };
		8B91C018298ADF4E0079AF26 /* DotLoadingView.swift in Sources */ = {isa = PBXBuildFile; fileRef = 8B91C017298ADF4E0079AF26 /* DotLoadingView.swift */; };
		8B91C01A298ADF7F0079AF26 /* MessageRowView.swift in Sources */ = {isa = PBXBuildFile; fileRef = 8B91C019298ADF7F0079AF26 /* MessageRowView.swift */; };
		EAF2F19C67A09FF6895225F4 /* Pods_Puul.framework in Frameworks */ = {isa = PBXBuildFile; fileRef = A8A2BFACEC47BFD5FAF7A5F1 /* Pods_Puul.framework */; };
/* End PBXBuildFile section */

/* Begin PBXFileReference section */
		0ABF659EC0DE4AED124D9ADD /* Pods-XCAChatGPTWatch Watch App.debug.xcconfig */ = {isa = PBXFileReference; includeInIndex = 1; lastKnownFileType = text.xcconfig; name = "Pods-XCAChatGPTWatch Watch App.debug.xcconfig"; path = "Target Support Files/Pods-XCAChatGPTWatch Watch App/Pods-XCAChatGPTWatch Watch App.debug.xcconfig"; sourceTree = "<group>"; };
		514D384B6044FC93E22F55CD /* Pods-XCAChatGPTMac.debug.xcconfig */ = {isa = PBXFileReference; includeInIndex = 1; lastKnownFileType = text.xcconfig; name = "Pods-XCAChatGPTMac.debug.xcconfig"; path = "Target Support Files/Pods-XCAChatGPTMac/Pods-XCAChatGPTMac.debug.xcconfig"; sourceTree = "<group>"; };
		5C990DF89AACBA6EC5733429 /* Pods-Puul.release.xcconfig */ = {isa = PBXFileReference; includeInIndex = 1; lastKnownFileType = text.xcconfig; name = "Pods-Puul.release.xcconfig"; path = "Target Support Files/Pods-Puul/Pods-Puul.release.xcconfig"; sourceTree = "<group>"; };
		7A4306852A38D869003C8135 /* Puul-Info.plist */ = {isa = PBXFileReference; lastKnownFileType = text.plist; path = "Puul-Info.plist"; sourceTree = "<group>"; };
		7A48E55D29FE56E60068362F /* Puul.app */ = {isa = PBXFileReference; explicitFileType = wrapper.application; includeInIndex = 0; path = Puul.app; sourceTree = BUILT_PRODUCTS_DIR; };
		7A48E56229FE57C80068362F /* LinkKit.xcframework */ = {isa = PBXFileReference; lastKnownFileType = wrapper.xcframework; name = LinkKit.xcframework; path = "../../Downloads/plaid-link-ios-4.2.1/LinkKit.xcframework"; sourceTree = "<group>"; };
		7A4B73E42A24684B0064800C /* products.storekit */ = {isa = PBXFileReference; lastKnownFileType = text; path = products.storekit; sourceTree = "<group>"; };
		7A4B73E52A267E1C0064800C /* StoreKit.swift */ = {isa = PBXFileReference; lastKnownFileType = sourcecode.swift; path = StoreKit.swift; sourceTree = "<group>"; };
		7A4B73EA2A267F900064800C /* SubscriptionView.swift */ = {isa = PBXFileReference; lastKnownFileType = sourcecode.swift; path = SubscriptionView.swift; sourceTree = "<group>"; };
		7A4B73EF2A26C17F0064800C /* ChatInfoView.swift */ = {isa = PBXFileReference; lastKnownFileType = sourcecode.swift; path = ChatInfoView.swift; sourceTree = "<group>"; };
		7A4B73F42A29B5BC0064800C /* AccountView.swift */ = {isa = PBXFileReference; lastKnownFileType = sourcecode.swift; path = AccountView.swift; sourceTree = "<group>"; };
		7A4B73F92A2A84900064800C /* AppInfoView.swift */ = {isa = PBXFileReference; lastKnownFileType = sourcecode.swift; path = AppInfoView.swift; sourceTree = "<group>"; };
		7A4B73FE2A2ADBC50064800C /* AppModel.swift */ = {isa = PBXFileReference; lastKnownFileType = sourcecode.swift; path = AppModel.swift; sourceTree = "<group>"; };
		7A4B74032A367F5B0064800C /* LogoView.swift */ = {isa = PBXFileReference; lastKnownFileType = sourcecode.swift; path = LogoView.swift; sourceTree = "<group>"; };
		7A7BDC102A457EC400AC5F6B /* StoreKit.framework */ = {isa = PBXFileReference; lastKnownFileType = wrapper.framework; name = StoreKit.framework; path = System/Library/Frameworks/StoreKit.framework; sourceTree = SDKROOT; };
		7A7BDC122A53F45500AC5F6B /* WelcomeView.swift */ = {isa = PBXFileReference; lastKnownFileType = sourcecode.swift; path = WelcomeView.swift; sourceTree = "<group>"; };
		7A81C1642A01BDA5000496E3 /* TempView.swift */ = {isa = PBXFileReference; lastKnownFileType = sourcecode.swift; path = TempView.swift; sourceTree = "<group>"; };
		7A81C1692A021077000496E3 /* PlaidLinkFlowView.swift */ = {isa = PBXFileReference; lastKnownFileType = sourcecode.swift; path = PlaidLinkFlowView.swift; sourceTree = "<group>"; };
		7A81C16E2A0216A5000496E3 /* PlaidAPIModels.swift */ = {isa = PBXFileReference; lastKnownFileType = sourcecode.swift; path = PlaidAPIModels.swift; sourceTree = "<group>"; };
		7A81C1732A049587000496E3 /* LinkController.swift */ = {isa = PBXFileReference; lastKnownFileType = sourcecode.swift; path = LinkController.swift; sourceTree = "<group>"; };
		7A81C1782A0AC3A4000496E3 /* BankAccountDetailsView.swift */ = {isa = PBXFileReference; lastKnownFileType = sourcecode.swift; path = BankAccountDetailsView.swift; sourceTree = "<group>"; };
		7A81C17D2A1031F7000496E3 /* BankAccountsListView.swift */ = {isa = PBXFileReference; lastKnownFileType = sourcecode.swift; path = BankAccountsListView.swift; sourceTree = "<group>"; };
		7A81C1822A11C58D000496E3 /* BrokerAccountsListView.swift */ = {isa = PBXFileReference; lastKnownFileType = sourcecode.swift; path = BrokerAccountsListView.swift; sourceTree = "<group>"; };
		7A81C1872A11C843000496E3 /* BrokerAccountDetailsView.swift */ = {isa = PBXFileReference; lastKnownFileType = sourcecode.swift; path = BrokerAccountDetailsView.swift; sourceTree = "<group>"; };
		7AB997BC29F1D9BA00BC8E4B /* Puul.entitlements */ = {isa = PBXFileReference; lastKnownFileType = text.plist.entitlements; path = Puul.entitlements; sourceTree = "<group>"; };
		7AD0C9E229F9BB5200C1989D /* HomeView.swift */ = {isa = PBXFileReference; lastKnownFileType = sourcecode.swift; path = HomeView.swift; sourceTree = "<group>"; };
		7AD2A1B32A411E2000E824A5 /* PropertiesListView.swift */ = {isa = PBXFileReference; lastKnownFileType = sourcecode.swift; path = PropertiesListView.swift; sourceTree = "<group>"; };
		8B82463329B1F49F0069B8F7 /* ChatGPTAPIModels.swift */ = {isa = PBXFileReference; lastKnownFileType = sourcecode.swift; path = ChatGPTAPIModels.swift; sourceTree = "<group>"; };
		8B91C003298AD09E0079AF26 /* PuulApp.swift */ = {isa = PBXFileReference; lastKnownFileType = sourcecode.swift; path = PuulApp.swift; sourceTree = "<group>"; };
		8B91C005298AD09E0079AF26 /* ChatView.swift */ = {isa = PBXFileReference; lastKnownFileType = sourcecode.swift; path = ChatView.swift; sourceTree = "<group>"; };
		8B91C007298AD09F0079AF26 /* Assets.xcassets */ = {isa = PBXFileReference; lastKnownFileType = folder.assetcatalog; path = Assets.xcassets; sourceTree = "<group>"; };
		8B91C011298AD0CE0079AF26 /* ChatGPTAPI.swift */ = {isa = PBXFileReference; lastKnownFileType = sourcecode.swift; path = ChatGPTAPI.swift; sourceTree = "<group>"; };
		8B91C013298ADC560079AF26 /* ChatViewModel.swift */ = {isa = PBXFileReference; lastKnownFileType = sourcecode.swift; path = ChatViewModel.swift; sourceTree = "<group>"; };
		8B91C015298ADC9D0079AF26 /* MessageRow.swift */ = {isa = PBXFileReference; lastKnownFileType = sourcecode.swift; path = MessageRow.swift; sourceTree = "<group>"; };
		8B91C017298ADF4E0079AF26 /* DotLoadingView.swift */ = {isa = PBXFileReference; lastKnownFileType = sourcecode.swift; path = DotLoadingView.swift; sourceTree = "<group>"; };
		8B91C019298ADF7F0079AF26 /* MessageRowView.swift */ = {isa = PBXFileReference; lastKnownFileType = sourcecode.swift; path = MessageRowView.swift; sourceTree = "<group>"; };
		8EF3798C9BF48FEFDF559FA6 /* Pods-XCAChatGPTWatch Watch App.release.xcconfig */ = {isa = PBXFileReference; includeInIndex = 1; lastKnownFileType = text.xcconfig; name = "Pods-XCAChatGPTWatch Watch App.release.xcconfig"; path = "Target Support Files/Pods-XCAChatGPTWatch Watch App/Pods-XCAChatGPTWatch Watch App.release.xcconfig"; sourceTree = "<group>"; };
		A3B798F510E42DA9B0CFAC2A /* Pods-XCAChatGPTWatch.debug.xcconfig */ = {isa = PBXFileReference; includeInIndex = 1; lastKnownFileType = text.xcconfig; name = "Pods-XCAChatGPTWatch.debug.xcconfig"; path = "Target Support Files/Pods-XCAChatGPTWatch/Pods-XCAChatGPTWatch.debug.xcconfig"; sourceTree = "<group>"; };
		A8A2BFACEC47BFD5FAF7A5F1 /* Pods_Puul.framework */ = {isa = PBXFileReference; explicitFileType = wrapper.framework; includeInIndex = 0; path = Pods_Puul.framework; sourceTree = BUILT_PRODUCTS_DIR; };
		BA08AD06927A1FB0D2D03CC5 /* Pods-XCAChatGPTWatch.release.xcconfig */ = {isa = PBXFileReference; includeInIndex = 1; lastKnownFileType = text.xcconfig; name = "Pods-XCAChatGPTWatch.release.xcconfig"; path = "Target Support Files/Pods-XCAChatGPTWatch/Pods-XCAChatGPTWatch.release.xcconfig"; sourceTree = "<group>"; };
		F11DADB9EBB1B9FBA57B33AE /* Pods-XCAChatGPTTV.debug.xcconfig */ = {isa = PBXFileReference; includeInIndex = 1; lastKnownFileType = text.xcconfig; name = "Pods-XCAChatGPTTV.debug.xcconfig"; path = "Target Support Files/Pods-XCAChatGPTTV/Pods-XCAChatGPTTV.debug.xcconfig"; sourceTree = "<group>"; };
		F51DEE65651EDBA363225103 /* Pods-Puul.debug.xcconfig */ = {isa = PBXFileReference; includeInIndex = 1; lastKnownFileType = text.xcconfig; name = "Pods-Puul.debug.xcconfig"; path = "Target Support Files/Pods-Puul/Pods-Puul.debug.xcconfig"; sourceTree = "<group>"; };
		F95B674D9848FE7751419CB0 /* Pods-XCAChatGPTTV.release.xcconfig */ = {isa = PBXFileReference; includeInIndex = 1; lastKnownFileType = text.xcconfig; name = "Pods-XCAChatGPTTV.release.xcconfig"; path = "Target Support Files/Pods-XCAChatGPTTV/Pods-XCAChatGPTTV.release.xcconfig"; sourceTree = "<group>"; };
		FFA60A31EB3A88A770803D73 /* Pods-XCAChatGPTMac.release.xcconfig */ = {isa = PBXFileReference; includeInIndex = 1; lastKnownFileType = text.xcconfig; name = "Pods-XCAChatGPTMac.release.xcconfig"; path = "Target Support Files/Pods-XCAChatGPTMac/Pods-XCAChatGPTMac.release.xcconfig"; sourceTree = "<group>"; };
/* End PBXFileReference section */

/* Begin PBXFrameworksBuildPhase section */
		8B91BFFD298AD09E0079AF26 /* Frameworks */ = {
			isa = PBXFrameworksBuildPhase;
			buildActionMask = 2147483647;
			files = (
				7A7BDC112A457EC400AC5F6B /* StoreKit.framework in Frameworks */,
				8B612E2A29D68CE3008DF5AF /* GPTEncoder in Frameworks */,
				EAF2F19C67A09FF6895225F4 /* Pods_Puul.framework in Frameworks */,
			);
			runOnlyForDeploymentPostprocessing = 0;
		};
/* End PBXFrameworksBuildPhase section */

/* Begin PBXGroup section */
		1D0ED3DAA698BBA300D26E89 /* Pods */ = {
			isa = PBXGroup;
			children = (
				F51DEE65651EDBA363225103 /* Pods-Puul.debug.xcconfig */,
				5C990DF89AACBA6EC5733429 /* Pods-Puul.release.xcconfig */,
				514D384B6044FC93E22F55CD /* Pods-XCAChatGPTMac.debug.xcconfig */,
				FFA60A31EB3A88A770803D73 /* Pods-XCAChatGPTMac.release.xcconfig */,
				F11DADB9EBB1B9FBA57B33AE /* Pods-XCAChatGPTTV.debug.xcconfig */,
				F95B674D9848FE7751419CB0 /* Pods-XCAChatGPTTV.release.xcconfig */,
				A3B798F510E42DA9B0CFAC2A /* Pods-XCAChatGPTWatch.debug.xcconfig */,
				BA08AD06927A1FB0D2D03CC5 /* Pods-XCAChatGPTWatch.release.xcconfig */,
				0ABF659EC0DE4AED124D9ADD /* Pods-XCAChatGPTWatch Watch App.debug.xcconfig */,
				8EF3798C9BF48FEFDF559FA6 /* Pods-XCAChatGPTWatch Watch App.release.xcconfig */,
			);
			path = Pods;
			sourceTree = "<group>";
		};
		7B10ECE5AEC28C28EDDD5E0F /* Frameworks */ = {
			isa = PBXGroup;
			children = (
				7A7BDC102A457EC400AC5F6B /* StoreKit.framework */,
				7A48E56229FE57C80068362F /* LinkKit.xcframework */,
				A8A2BFACEC47BFD5FAF7A5F1 /* Pods_Puul.framework */,
			);
			name = Frameworks;
			sourceTree = "<group>";
		};
		8B057591298E52CB00A56C9A /* src */ = {
			isa = PBXGroup;
			children = (
				7A4B73F42A29B5BC0064800C /* AccountView.swift */,
				7A4B73F92A2A84900064800C /* AppInfoView.swift */,
				7A4B73FE2A2ADBC50064800C /* AppModel.swift */,
				7A81C1782A0AC3A4000496E3 /* BankAccountDetailsView.swift */,
				7A81C17D2A1031F7000496E3 /* BankAccountsListView.swift */,
				7A81C1872A11C843000496E3 /* BrokerAccountDetailsView.swift */,
				7A81C1822A11C58D000496E3 /* BrokerAccountsListView.swift */,
				8B91C011298AD0CE0079AF26 /* ChatGPTAPI.swift */,
				8B82463329B1F49F0069B8F7 /* ChatGPTAPIModels.swift */,
				7A4B73EF2A26C17F0064800C /* ChatInfoView.swift */,
				8B91C005298AD09E0079AF26 /* ChatView.swift */,
				8B91C013298ADC560079AF26 /* ChatViewModel.swift */,
				8B91C017298ADF4E0079AF26 /* DotLoadingView.swift */,
				7AD0C9E229F9BB5200C1989D /* HomeView.swift */,
				7A81C1732A049587000496E3 /* LinkController.swift */,
				7A4B74032A367F5B0064800C /* LogoView.swift */,
				8B91C015298ADC9D0079AF26 /* MessageRow.swift */,
				8B91C019298ADF7F0079AF26 /* MessageRowView.swift */,
				7A81C1692A021077000496E3 /* PlaidLinkFlowView.swift */,
				7A81C16E2A0216A5000496E3 /* PlaidAPIModels.swift */,
				7A4B73E42A24684B0064800C /* products.storekit */,
				7AD2A1B32A411E2000E824A5 /* PropertiesListView.swift */,
				7A4B73E52A267E1C0064800C /* StoreKit.swift */,
				7A4B73EA2A267F900064800C /* SubscriptionView.swift */,
				7A81C1642A01BDA5000496E3 /* TempView.swift */,
				7A7BDC122A53F45500AC5F6B /* WelcomeView.swift */,
				7AB997BC29F1D9BA00BC8E4B /* Puul.entitlements */,
				8B91C003298AD09E0079AF26 /* PuulApp.swift */,
				8B91C007298AD09F0079AF26 /* Assets.xcassets */,
			);
			path = src;
			sourceTree = "<group>";
		};
		8B91BFF7298AD09E0079AF26 = {
			isa = PBXGroup;
			children = (
				7A4306852A38D869003C8135 /* Puul-Info.plist */,
				8B057591298E52CB00A56C9A /* src */,
				1D0ED3DAA698BBA300D26E89 /* Pods */,
				7B10ECE5AEC28C28EDDD5E0F /* Frameworks */,
				7A48E55D29FE56E60068362F /* Puul.app */,
			);
			sourceTree = "<group>";
		};
/* End PBXGroup section */

/* Begin PBXNativeTarget section */
		8B91BFFF298AD09E0079AF26 /* Puul */ = {
			isa = PBXNativeTarget;
			buildConfigurationList = 8B91C00E298AD09F0079AF26 /* Build configuration list for PBXNativeTarget "Puul" */;
			buildPhases = (
				706D29BB2C9E135835D37934 /* [CP] Check Pods Manifest.lock */,
				8B91BFFC298AD09E0079AF26 /* Sources */,
				8B91BFFD298AD09E0079AF26 /* Frameworks */,
				8B91BFFE298AD09E0079AF26 /* Resources */,
				61933FA92D74AA253DA28865 /* [CP] Embed Pods Frameworks */,
			);
			buildRules = (
			);
			dependencies = (
			);
			name = Puul;
			packageProductDependencies = (
				8B612E2929D68CE3008DF5AF /* GPTEncoder */,
			);
			productName = XCAChatGPT;
			productReference = 7A48E55D29FE56E60068362F /* Puul.app */;
			productType = "com.apple.product-type.application";
		};
/* End PBXNativeTarget section */

/* Begin PBXProject section */
		8B91BFF8298AD09E0079AF26 /* Project object */ = {
			isa = PBXProject;
			attributes = {
				BuildIndependentTargetsInParallel = 1;
				LastSwiftUpdateCheck = 1420;
				LastUpgradeCheck = 1430;
				TargetAttributes = {
					8B91BFFF298AD09E0079AF26 = {
						CreatedOnToolsVersion = 14.2;
					};
				};
			};
			buildConfigurationList = 8B91BFFB298AD09E0079AF26 /* Build configuration list for PBXProject "XCAChatGPT" */;
			compatibilityVersion = "Xcode 14.0";
			developmentRegion = en;
			hasScannedForEncodings = 0;
			knownRegions = (
				en,
				Base,
			);
			mainGroup = 8B91BFF7298AD09E0079AF26;
			packageReferences = (
				8B612E2829D68CE3008DF5AF /* XCRemoteSwiftPackageReference "GPTEncoder" */,
			);
			productRefGroup = 8B91BFF7298AD09E0079AF26;
			projectDirPath = "";
			projectRoot = "";
			targets = (
				8B91BFFF298AD09E0079AF26 /* Puul */,
			);
		};
/* End PBXProject section */

/* Begin PBXResourcesBuildPhase section */
		8B91BFFE298AD09E0079AF26 /* Resources */ = {
			isa = PBXResourcesBuildPhase;
			buildActionMask = 2147483647;
			files = (
				8B91C008298AD09F0079AF26 /* Assets.xcassets in Resources */,
			);
			runOnlyForDeploymentPostprocessing = 0;
		};
/* End PBXResourcesBuildPhase section */

/* Begin PBXShellScriptBuildPhase section */
		61933FA92D74AA253DA28865 /* [CP] Embed Pods Frameworks */ = {
			isa = PBXShellScriptBuildPhase;
			buildActionMask = 2147483647;
			files = (
			);
			inputFileListPaths = (
				"${PODS_ROOT}/Target Support Files/Pods-Puul/Pods-Puul-frameworks-${CONFIGURATION}-input-files.xcfilelist",
			);
			name = "[CP] Embed Pods Frameworks";
			outputFileListPaths = (
				"${PODS_ROOT}/Target Support Files/Pods-Puul/Pods-Puul-frameworks-${CONFIGURATION}-output-files.xcfilelist",
			);
			runOnlyForDeploymentPostprocessing = 0;
			shellPath = /bin/sh;
			shellScript = "\"${PODS_ROOT}/Target Support Files/Pods-Puul/Pods-Puul-frameworks.sh\"\n";
			showEnvVarsInLog = 0;
		};
		706D29BB2C9E135835D37934 /* [CP] Check Pods Manifest.lock */ = {
			isa = PBXShellScriptBuildPhase;
			buildActionMask = 2147483647;
			files = (
			);
			inputFileListPaths = (
			);
			inputPaths = (
				"${PODS_PODFILE_DIR_PATH}/Podfile.lock",
				"${PODS_ROOT}/Manifest.lock",
			);
			name = "[CP] Check Pods Manifest.lock";
			outputFileListPaths = (
			);
			outputPaths = (
				"$(DERIVED_FILE_DIR)/Pods-Puul-checkManifestLockResult.txt",
			);
			runOnlyForDeploymentPostprocessing = 0;
			shellPath = /bin/sh;
			shellScript = "diff \"${PODS_PODFILE_DIR_PATH}/Podfile.lock\" \"${PODS_ROOT}/Manifest.lock\" > /dev/null\nif [ $? != 0 ] ; then\n    # print error to STDERR\n    echo \"error: The sandbox is not in sync with the Podfile.lock. Run 'pod install' or update your CocoaPods installation.\" >&2\n    exit 1\nfi\n# This output is used by Xcode 'outputs' to avoid re-running this script phase.\necho \"SUCCESS\" > \"${SCRIPT_OUTPUT_FILE_0}\"\n";
			showEnvVarsInLog = 0;
		};
/* End PBXShellScriptBuildPhase section */

/* Begin PBXSourcesBuildPhase section */
		8B91BFFC298AD09E0079AF26 /* Sources */ = {
			isa = PBXSourcesBuildPhase;
			buildActionMask = 2147483647;
			files = (
				8B91C012298AD0CE0079AF26 /* ChatGPTAPI.swift in Sources */,
				7A81C1742A049587000496E3 /* LinkController.swift in Sources */,
				8B91C006298AD09E0079AF26 /* ChatView.swift in Sources */,
				7A4B73FA2A2A84900064800C /* AppInfoView.swift in Sources */,
				7A81C17E2A1031F7000496E3 /* BankAccountsListView.swift in Sources */,
				7A4B73FF2A2ADBC50064800C /* AppModel.swift in Sources */,
				8B82463429B1F49F0069B8F7 /* ChatGPTAPIModels.swift in Sources */,
				7A4B73E62A267E1C0064800C /* StoreKit.swift in Sources */,
				8B91C014298ADC560079AF26 /* ChatViewModel.swift in Sources */,
				7A81C1882A11C843000496E3 /* BrokerAccountDetailsView.swift in Sources */,
				8B91C018298ADF4E0079AF26 /* DotLoadingView.swift in Sources */,
				7A81C1832A11C58D000496E3 /* BrokerAccountsListView.swift in Sources */,
				7A7BDC132A53F45500AC5F6B /* WelcomeView.swift in Sources */,
				7A81C1652A01BDA5000496E3 /* TempView.swift in Sources */,
				7AD2A1B42A411E2000E824A5 /* PropertiesListView.swift in Sources */,
				7A81C16F2A0216A5000496E3 /* PlaidAPIModels.swift in Sources */,
				8B91C004298AD09E0079AF26 /* PuulApp.swift in Sources */,
				7A4B73EB2A267F900064800C /* SubscriptionView.swift in Sources */,
				7A81C16A2A021077000496E3 /* PlaidLinkFlowView.swift in Sources */,
				7AD0C9E329F9BB5200C1989D /* HomeView.swift in Sources */,
				8B91C01A298ADF7F0079AF26 /* MessageRowView.swift in Sources */,
				7A81C1792A0AC3A4000496E3 /* BankAccountDetailsView.swift in Sources */,
				8B91C016298ADC9D0079AF26 /* MessageRow.swift in Sources */,
				7A4B74042A367F5B0064800C /* LogoView.swift in Sources */,
				7A4B73F52A29B5BC0064800C /* AccountView.swift in Sources */,
				7A4B73F02A26C17F0064800C /* ChatInfoView.swift in Sources */,
			);
			runOnlyForDeploymentPostprocessing = 0;
		};
/* End PBXSourcesBuildPhase section */

/* Begin XCBuildConfiguration section */
		8B91C00C298AD09F0079AF26 /* Debug */ = {
			isa = XCBuildConfiguration;
			buildSettings = {
				ALWAYS_SEARCH_USER_PATHS = NO;
				CLANG_ANALYZER_NONNULL = YES;
				CLANG_ANALYZER_NUMBER_OBJECT_CONVERSION = YES_AGGRESSIVE;
				CLANG_CXX_LANGUAGE_STANDARD = "gnu++20";
				CLANG_ENABLE_MODULES = YES;
				CLANG_ENABLE_OBJC_ARC = YES;
				CLANG_ENABLE_OBJC_WEAK = YES;
				CLANG_WARN_BLOCK_CAPTURE_AUTORELEASING = YES;
				CLANG_WARN_BOOL_CONVERSION = YES;
				CLANG_WARN_COMMA = YES;
				CLANG_WARN_CONSTANT_CONVERSION = YES;
				CLANG_WARN_DEPRECATED_OBJC_IMPLEMENTATIONS = YES;
				CLANG_WARN_DIRECT_OBJC_ISA_USAGE = YES_ERROR;
				CLANG_WARN_DOCUMENTATION_COMMENTS = YES;
				CLANG_WARN_EMPTY_BODY = YES;
				CLANG_WARN_ENUM_CONVERSION = YES;
				CLANG_WARN_INFINITE_RECURSION = YES;
				CLANG_WARN_INT_CONVERSION = YES;
				CLANG_WARN_NON_LITERAL_NULL_CONVERSION = YES;
				CLANG_WARN_OBJC_IMPLICIT_RETAIN_SELF = YES;
				CLANG_WARN_OBJC_LITERAL_CONVERSION = YES;
				CLANG_WARN_OBJC_ROOT_CLASS = YES_ERROR;
				CLANG_WARN_QUOTED_INCLUDE_IN_FRAMEWORK_HEADER = YES;
				CLANG_WARN_RANGE_LOOP_ANALYSIS = YES;
				CLANG_WARN_STRICT_PROTOTYPES = YES;
				CLANG_WARN_SUSPICIOUS_MOVE = YES;
				CLANG_WARN_UNGUARDED_AVAILABILITY = YES_AGGRESSIVE;
				CLANG_WARN_UNREACHABLE_CODE = YES;
				CLANG_WARN__DUPLICATE_METHOD_MATCH = YES;
				CODE_SIGN_IDENTITY = "Apple Development";
				COPY_PHASE_STRIP = NO;
				DEBUG_INFORMATION_FORMAT = dwarf;
				ENABLE_STRICT_OBJC_MSGSEND = YES;
				ENABLE_TESTABILITY = YES;
				GCC_C_LANGUAGE_STANDARD = gnu11;
				GCC_DYNAMIC_NO_PIC = NO;
				GCC_NO_COMMON_BLOCKS = YES;
				GCC_OPTIMIZATION_LEVEL = 0;
				GCC_PREPROCESSOR_DEFINITIONS = (
					"DEBUG=1",
					"$(inherited)",
				);
				GCC_WARN_64_TO_32_BIT_CONVERSION = YES;
				GCC_WARN_ABOUT_RETURN_TYPE = YES_ERROR;
				GCC_WARN_UNDECLARED_SELECTOR = YES;
				GCC_WARN_UNINITIALIZED_AUTOS = YES_AGGRESSIVE;
				GCC_WARN_UNUSED_FUNCTION = YES;
				GCC_WARN_UNUSED_VARIABLE = YES;
				IPHONEOS_DEPLOYMENT_TARGET = 16.2;
				MACOSX_DEPLOYMENT_TARGET = "";
				MTL_ENABLE_DEBUG_INFO = INCLUDE_SOURCE;
				MTL_FAST_MATH = YES;
				ONLY_ACTIVE_ARCH = YES;
				SDKROOT = iphoneos;
				SWIFT_ACTIVE_COMPILATION_CONDITIONS = DEBUG;
				SWIFT_OPTIMIZATION_LEVEL = "-Onone";
			};
			name = Debug;
		};
		8B91C00D298AD09F0079AF26 /* Release */ = {
			isa = XCBuildConfiguration;
			buildSettings = {
				ALWAYS_SEARCH_USER_PATHS = NO;
				CLANG_ANALYZER_NONNULL = YES;
				CLANG_ANALYZER_NUMBER_OBJECT_CONVERSION = YES_AGGRESSIVE;
				CLANG_CXX_LANGUAGE_STANDARD = "gnu++20";
				CLANG_ENABLE_MODULES = YES;
				CLANG_ENABLE_OBJC_ARC = YES;
				CLANG_ENABLE_OBJC_WEAK = YES;
				CLANG_WARN_BLOCK_CAPTURE_AUTORELEASING = YES;
				CLANG_WARN_BOOL_CONVERSION = YES;
				CLANG_WARN_COMMA = YES;
				CLANG_WARN_CONSTANT_CONVERSION = YES;
				CLANG_WARN_DEPRECATED_OBJC_IMPLEMENTATIONS = YES;
				CLANG_WARN_DIRECT_OBJC_ISA_USAGE = YES_ERROR;
				CLANG_WARN_DOCUMENTATION_COMMENTS = YES;
				CLANG_WARN_EMPTY_BODY = YES;
				CLANG_WARN_ENUM_CONVERSION = YES;
				CLANG_WARN_INFINITE_RECURSION = YES;
				CLANG_WARN_INT_CONVERSION = YES;
				CLANG_WARN_NON_LITERAL_NULL_CONVERSION = YES;
				CLANG_WARN_OBJC_IMPLICIT_RETAIN_SELF = YES;
				CLANG_WARN_OBJC_LITERAL_CONVERSION = YES;
				CLANG_WARN_OBJC_ROOT_CLASS = YES_ERROR;
				CLANG_WARN_QUOTED_INCLUDE_IN_FRAMEWORK_HEADER = YES;
				CLANG_WARN_RANGE_LOOP_ANALYSIS = YES;
				CLANG_WARN_STRICT_PROTOTYPES = YES;
				CLANG_WARN_SUSPICIOUS_MOVE = YES;
				CLANG_WARN_UNGUARDED_AVAILABILITY = YES_AGGRESSIVE;
				CLANG_WARN_UNREACHABLE_CODE = YES;
				CLANG_WARN__DUPLICATE_METHOD_MATCH = YES;
				CODE_SIGN_IDENTITY = "Apple Development";
				COPY_PHASE_STRIP = NO;
				DEBUG_INFORMATION_FORMAT = "dwarf-with-dsym";
				ENABLE_NS_ASSERTIONS = NO;
				ENABLE_STRICT_OBJC_MSGSEND = YES;
				GCC_C_LANGUAGE_STANDARD = gnu11;
				GCC_NO_COMMON_BLOCKS = YES;
				GCC_WARN_64_TO_32_BIT_CONVERSION = YES;
				GCC_WARN_ABOUT_RETURN_TYPE = YES_ERROR;
				GCC_WARN_UNDECLARED_SELECTOR = YES;
				GCC_WARN_UNINITIALIZED_AUTOS = YES_AGGRESSIVE;
				GCC_WARN_UNUSED_FUNCTION = YES;
				GCC_WARN_UNUSED_VARIABLE = YES;
				IPHONEOS_DEPLOYMENT_TARGET = 16.2;
				MACOSX_DEPLOYMENT_TARGET = "";
				MTL_ENABLE_DEBUG_INFO = NO;
				MTL_FAST_MATH = YES;
				SDKROOT = iphoneos;
				SWIFT_COMPILATION_MODE = wholemodule;
				SWIFT_OPTIMIZATION_LEVEL = "-O";
				VALIDATE_PRODUCT = YES;
			};
			name = Release;
		};
		8B91C00F298AD09F0079AF26 /* Debug */ = {
			isa = XCBuildConfiguration;
			baseConfigurationReference = F51DEE65651EDBA363225103 /* Pods-Puul.debug.xcconfig */;
			buildSettings = {
				ASSETCATALOG_COMPILER_APPICON_NAME = AppIcon;
				ASSETCATALOG_COMPILER_GLOBAL_ACCENT_COLOR_NAME = AccentColor;
				CODE_SIGN_ENTITLEMENTS = src/Puul.entitlements;
				CODE_SIGN_IDENTITY = "Apple Development";
				CODE_SIGN_STYLE = Automatic;
				CURRENT_PROJECT_VERSION = 1;
				DEVELOPMENT_ASSET_PATHS = "\"XCAChatGPT/Preview Content\"";
				DEVELOPMENT_TEAM = 3Y2Y4CJNN6;
				ENABLE_PREVIEWS = YES;
				GENERATE_INFOPLIST_FILE = YES;
				HEADER_SEARCH_PATHS = /Users/wheezysalem/Desktop/PUUL/ChatGPTSwiftUI/src/Puul.entitlements;
				INFOPLIST_FILE = "Puul-Info.plist";
				INFOPLIST_KEY_UIApplicationSceneManifest_Generation = YES;
				INFOPLIST_KEY_UIApplicationSupportsIndirectInputEvents = YES;
				INFOPLIST_KEY_UILaunchScreen_Generation = YES;
				INFOPLIST_KEY_UISupportedInterfaceOrientations = UIInterfaceOrientationPortrait;
				INFOPLIST_KEY_UISupportedInterfaceOrientations_iPad = "UIInterfaceOrientationPortrait UIInterfaceOrientationPortraitUpsideDown";
				LD_RUNPATH_SEARCH_PATHS = (
					"$(inherited)",
					"@executable_path/Frameworks",
				);
				MARKETING_VERSION = 1.0;
				PRODUCT_BUNDLE_IDENTIFIER = com.puul.ai;
				PRODUCT_NAME = "$(TARGET_NAME)";
				PROVISIONING_PROFILE_SPECIFIER = "";
				SUPPORTED_PLATFORMS = "iphoneos iphonesimulator";
				SUPPORTS_MACCATALYST = NO;
				SUPPORTS_MAC_DESIGNED_FOR_IPHONE_IPAD = NO;
				SWIFT_EMIT_LOC_STRINGS = YES;
				SWIFT_VERSION = 5.0;
				TARGETED_DEVICE_FAMILY = 1;
			};
			name = Debug;
		};
		8B91C010298AD09F0079AF26 /* Release */ = {
			isa = XCBuildConfiguration;
			baseConfigurationReference = 5C990DF89AACBA6EC5733429 /* Pods-Puul.release.xcconfig */;
			buildSettings = {
				ASSETCATALOG_COMPILER_APPICON_NAME = AppIcon;
				ASSETCATALOG_COMPILER_GLOBAL_ACCENT_COLOR_NAME = AccentColor;
				CODE_SIGN_ENTITLEMENTS = src/Puul.entitlements;
				CODE_SIGN_IDENTITY = "Apple Development";
				CODE_SIGN_STYLE = Automatic;
				CURRENT_PROJECT_VERSION = 1;
				DEVELOPMENT_ASSET_PATHS = "\"XCAChatGPT/Preview Content\"";
				DEVELOPMENT_TEAM = 3Y2Y4CJNN6;
				ENABLE_PREVIEWS = YES;
				GENERATE_INFOPLIST_FILE = YES;
				HEADER_SEARCH_PATHS = /Users/wheezysalem/Desktop/PUUL/ChatGPTSwiftUI/src/Puul.entitlements;
				INFOPLIST_FILE = "Puul-Info.plist";
				INFOPLIST_KEY_UIApplicationSceneManifest_Generation = YES;
				INFOPLIST_KEY_UIApplicationSupportsIndirectInputEvents = YES;
				INFOPLIST_KEY_UILaunchScreen_Generation = YES;
				INFOPLIST_KEY_UISupportedInterfaceOrientations = UIInterfaceOrientationPortrait;
				INFOPLIST_KEY_UISupportedInterfaceOrientations_iPad = "UIInterfaceOrientationPortrait UIInterfaceOrientationPortraitUpsideDown";
				LD_RUNPATH_SEARCH_PATHS = (
					"$(inherited)",
					"@executable_path/Frameworks",
				);
				MARKETING_VERSION = 1.0;
				PRODUCT_BUNDLE_IDENTIFIER = com.puul.ai;
				PRODUCT_NAME = "$(TARGET_NAME)";
				PROVISIONING_PROFILE_SPECIFIER = "";
				SUPPORTED_PLATFORMS = "iphoneos iphonesimulator";
				SUPPORTS_MACCATALYST = NO;
				SUPPORTS_MAC_DESIGNED_FOR_IPHONE_IPAD = NO;
				SWIFT_EMIT_LOC_STRINGS = YES;
				SWIFT_VERSION = 5.0;
				TARGETED_DEVICE_FAMILY = 1;
			};
			name = Release;
		};
/* End XCBuildConfiguration section */

/* Begin XCConfigurationList section */
		8B91BFFB298AD09E0079AF26 /* Build configuration list for PBXProject "XCAChatGPT" */ = {
			isa = XCConfigurationList;
			buildConfigurations = (
				8B91C00C298AD09F0079AF26 /* Debug */,
				8B91C00D298AD09F0079AF26 /* Release */,
			);
			defaultConfigurationIsVisible = 0;
			defaultConfigurationName = Release;
		};
		8B91C00E298AD09F0079AF26 /* Build configuration list for PBXNativeTarget "Puul" */ = {
			isa = XCConfigurationList;
			buildConfigurations = (
				8B91C00F298AD09F0079AF26 /* Debug */,
				8B91C010298AD09F0079AF26 /* Release */,
			);
			defaultConfigurationIsVisible = 0;
			defaultConfigurationName = Release;
		};
/* End XCConfigurationList section */

/* Begin XCRemoteSwiftPackageReference section */
		8B612E2829D68CE3008DF5AF /* XCRemoteSwiftPackageReference "GPTEncoder" */ = {
			isa = XCRemoteSwiftPackageReference;
			repositoryURL = "https://github.com/alfianlosari/GPTEncoder.git";
			requirement = {
				kind = upToNextMajorVersion;
				minimumVersion = 1.0.0;
			};
		};
/* End XCRemoteSwiftPackageReference section */

/* Begin XCSwiftPackageProductDependency section */
		8B612E2929D68CE3008DF5AF /* GPTEncoder */ = {
			isa = XCSwiftPackageProductDependency;
			package = 8B612E2829D68CE3008DF5AF /* XCRemoteSwiftPackageReference "GPTEncoder" */;
			productName = GPTEncoder;
		};
/* End XCSwiftPackageProductDependency section */
	};
	rootObject = 8B91BFF8298AD09E0079AF26 /* Project object */;
}
